// !$*UTF8*$!
{
	archiveVersion = 1;
	classes = {
	};
	objectVersion = 77;
	objects = {

/* Begin PBXBuildFile section */
		B289EE342EB37FE500937D0B /* UI_Utils.cpp in Sources */ = {isa = PBXBuildFile; fileRef = B289EE2D2EB37E3500937D0B /* UI_Utils.cpp */; };
		B289EE3B2EB3A5FA00937D0B /* UI_Theme.cpp in Sources */ = {isa = PBXBuildFile; fileRef = B289EE3A2EB3A5FA00937D0B /* UI_Theme.cpp */; };
		B289EE432EB3AE2C00937D0B /* UI_Scoped.hpp in Headers */ = {isa = PBXBuildFile; fileRef = B289EE412EB3AE2C00937D0B /* UI_Scoped.hpp */; };
		B289EE472EB3BEBE00937D0B /* UI_Panel.hpp in Headers */ = {isa = PBXBuildFile; fileRef = B289EE452EB3BEBE00937D0B /* UI_Panel.hpp */; };
		B289EE482EB3BEBE00937D0B /* UI_Panel.cpp in Sources */ = {isa = PBXBuildFile; fileRef = B289EE462EB3BEBE00937D0B /* UI_Panel.cpp */; };
/* End PBXBuildFile section */

/* Begin PBXFileReference section */
		B289EE1B2EB37D6600937D0B /* libKanVasX.a */ = {isa = PBXFileReference; explicitFileType = archive.ar; includeInIndex = 0; path = libKanVasX.a; sourceTree = BUILT_PRODUCTS_DIR; };
		B289EE2B2EB37E0900937D0B /* KanVasX.h */ = {isa = PBXFileReference; lastKnownFileType = sourcecode.c.h; path = KanVasX.h; sourceTree = "<group>"; };
		B289EE2C2EB37E3500937D0B /* UI_Utils.hpp */ = {isa = PBXFileReference; lastKnownFileType = sourcecode.cpp.h; path = UI_Utils.hpp; sourceTree = "<group>"; };
		B289EE2D2EB37E3500937D0B /* UI_Utils.cpp */ = {isa = PBXFileReference; lastKnownFileType = sourcecode.cpp.cpp; path = UI_Utils.cpp; sourceTree = "<group>"; };
		B289EE352EB37FF500937D0B /* PrefixHeader.pch */ = {isa = PBXFileReference; lastKnownFileType = sourcecode.c.h; path = PrefixHeader.pch; sourceTree = "<group>"; };
		B289EE362EB3820C00937D0B /* UI_Settings.hpp */ = {isa = PBXFileReference; lastKnownFileType = sourcecode.cpp.h; path = UI_Settings.hpp; sourceTree = "<group>"; };
		B289EE382EB3847300937D0B /* UI_Theme.hpp */ = {isa = PBXFileReference; lastKnownFileType = sourcecode.cpp.h; path = UI_Theme.hpp; sourceTree = "<group>"; };
		B289EE3A2EB3A5FA00937D0B /* UI_Theme.cpp */ = {isa = PBXFileReference; lastKnownFileType = sourcecode.cpp.cpp; path = UI_Theme.cpp; sourceTree = "<group>"; };
		B289EE412EB3AE2C00937D0B /* UI_Scoped.hpp */ = {isa = PBXFileReference; lastKnownFileType = sourcecode.cpp.h; path = UI_Scoped.hpp; sourceTree = "<group>"; };
		B289EE452EB3BEBE00937D0B /* UI_Panel.hpp */ = {isa = PBXFileReference; lastKnownFileType = sourcecode.cpp.h; path = UI_Panel.hpp; sourceTree = "<group>"; };
		B289EE462EB3BEBE00937D0B /* UI_Panel.cpp */ = {isa = PBXFileReference; lastKnownFileType = sourcecode.cpp.cpp; path = UI_Panel.cpp; sourceTree = "<group>"; };
/* End PBXFileReference section */

/* Begin PBXFrameworksBuildPhase section */
		B289EE192EB37D6600937D0B /* Frameworks */ = {
			isa = PBXFrameworksBuildPhase;
			buildActionMask = 2147483647;
			files = (
			);
			runOnlyForDeploymentPostprocessing = 0;
		};
/* End PBXFrameworksBuildPhase section */

/* Begin PBXGroup section */
		B289EE122EB37D6600937D0B = {
			isa = PBXGroup;
			children = (
				B289EE352EB37FF500937D0B /* PrefixHeader.pch */,
				B289EE292EB37DBD00937D0B /* include */,
				B289EE2A2EB37DC300937D0B /* src */,
				B289EE1C2EB37D6600937D0B /* Products */,
			);
			sourceTree = "<group>";
		};
		B289EE1C2EB37D6600937D0B /* Products */ = {
			isa = PBXGroup;
			children = (
				B289EE1B2EB37D6600937D0B /* libKanVasX.a */,
			);
			name = Products;
			sourceTree = "<group>";
		};
		B289EE292EB37DBD00937D0B /* include */ = {
			isa = PBXGroup;
			children = (
				B289EE2B2EB37E0900937D0B /* KanVasX.h */,
				B289EE2C2EB37E3500937D0B /* UI_Utils.hpp */,
				B289EE362EB3820C00937D0B /* UI_Settings.hpp */,
				B289EE382EB3847300937D0B /* UI_Theme.hpp */,
				B289EE412EB3AE2C00937D0B /* UI_Scoped.hpp */,
				B289EE452EB3BEBE00937D0B /* UI_Panel.hpp */,
			);
			path = include;
			sourceTree = "<group>";
		};
		B289EE2A2EB37DC300937D0B /* src */ = {
			isa = PBXGroup;
			children = (
				B289EE2D2EB37E3500937D0B /* UI_Utils.cpp */,
				B289EE3A2EB3A5FA00937D0B /* UI_Theme.cpp */,
				B289EE462EB3BEBE00937D0B /* UI_Panel.cpp */,
			);
			path = src;
			sourceTree = "<group>";
		};
/* End PBXGroup section */

/* Begin PBXHeadersBuildPhase section */
		B289EE172EB37D6600937D0B /* Headers */ = {
			isa = PBXHeadersBuildPhase;
			buildActionMask = 2147483647;
			files = (
				B289EE432EB3AE2C00937D0B /* UI_Scoped.hpp in Headers */,
				B289EE472EB3BEBE00937D0B /* UI_Panel.hpp in Headers */,
			);
			runOnlyForDeploymentPostprocessing = 0;
		};
/* End PBXHeadersBuildPhase section */

/* Begin PBXNativeTarget section */
		B289EE1A2EB37D6600937D0B /* KanVasX */ = {
			isa = PBXNativeTarget;
			buildConfigurationList = B289EE262EB37D6600937D0B /* Build configuration list for PBXNativeTarget "KanVasX" */;
			buildPhases = (
				B289EE172EB37D6600937D0B /* Headers */,
				B289EE182EB37D6600937D0B /* Sources */,
				B289EE192EB37D6600937D0B /* Frameworks */,
			);
			buildRules = (
			);
			dependencies = (
			);
			name = KanVasX;
			packageProductDependencies = (
			);
			productName = KanVasX;
			productReference = B289EE1B2EB37D6600937D0B /* libKanVasX.a */;
			productType = "com.apple.product-type.library.static";
		};
/* End PBXNativeTarget section */

/* Begin PBXProject section */
		B289EE132EB37D6600937D0B /* Project object */ = {
			isa = PBXProject;
			attributes = {
				BuildIndependentTargetsInParallel = 1;
				LastUpgradeCheck = 1640;
				TargetAttributes = {
					B289EE1A2EB37D6600937D0B = {
						CreatedOnToolsVersion = 16.4;
					};
				};
			};
			buildConfigurationList = B289EE162EB37D6600937D0B /* Build configuration list for PBXProject "KanVasX" */;
			developmentRegion = en;
			hasScannedForEncodings = 0;
			knownRegions = (
				en,
				Base,
			);
			mainGroup = B289EE122EB37D6600937D0B;
			minimizedProjectReferenceProxies = 1;
			preferredProjectObjectVersion = 77;
			productRefGroup = B289EE1C2EB37D6600937D0B /* Products */;
			projectDirPath = "";
			projectRoot = "";
			targets = (
				B289EE1A2EB37D6600937D0B /* KanVasX */,
			);
		};
/* End PBXProject section */

/* Begin PBXSourcesBuildPhase section */
		B289EE182EB37D6600937D0B /* Sources */ = {
			isa = PBXSourcesBuildPhase;
			buildActionMask = 2147483647;
			files = (
				B289EE482EB3BEBE00937D0B /* UI_Panel.cpp in Sources */,
				B289EE342EB37FE500937D0B /* UI_Utils.cpp in Sources */,
				B289EE3B2EB3A5FA00937D0B /* UI_Theme.cpp in Sources */,
			);
			runOnlyForDeploymentPostprocessing = 0;
		};
/* End PBXSourcesBuildPhase section */

/* Begin XCBuildConfiguration section */
		B289EE242EB37D6600937D0B /* Debug */ = {
			isa = XCBuildConfiguration;
			buildSettings = {
				ALWAYS_SEARCH_USER_PATHS = NO;
				ASSETCATALOG_COMPILER_GENERATE_SWIFT_ASSET_SYMBOL_EXTENSIONS = YES;
				CLANG_ANALYZER_NONNULL = YES;
				CLANG_ANALYZER_NUMBER_OBJECT_CONVERSION = YES_AGGRESSIVE;
				CLANG_CXX_LANGUAGE_STANDARD = "gnu++20";
				CLANG_ENABLE_MODULES = YES;
				CLANG_ENABLE_OBJC_ARC = YES;
				CLANG_ENABLE_OBJC_WEAK = YES;
				CLANG_WARN_BLOCK_CAPTURE_AUTORELEASING = YES;
				CLANG_WARN_BOOL_CONVERSION = YES;
				CLANG_WARN_COMMA = YES;
				CLANG_WARN_CONSTANT_CONVERSION = YES;
				CLANG_WARN_DEPRECATED_OBJC_IMPLEMENTATIONS = YES;
				CLANG_WARN_DIRECT_OBJC_ISA_USAGE = YES_ERROR;
				CLANG_WARN_DOCUMENTATION_COMMENTS = YES;
				CLANG_WARN_EMPTY_BODY = YES;
				CLANG_WARN_ENUM_CONVERSION = YES;
				CLANG_WARN_INFINITE_RECURSION = YES;
				CLANG_WARN_INT_CONVERSION = YES;
				CLANG_WARN_NON_LITERAL_NULL_CONVERSION = YES;
				CLANG_WARN_OBJC_IMPLICIT_RETAIN_SELF = YES;
				CLANG_WARN_OBJC_LITERAL_CONVERSION = YES;
				CLANG_WARN_OBJC_ROOT_CLASS = YES_ERROR;
				CLANG_WARN_QUOTED_INCLUDE_IN_FRAMEWORK_HEADER = YES;
				CLANG_WARN_RANGE_LOOP_ANALYSIS = YES;
				CLANG_WARN_STRICT_PROTOTYPES = YES;
				CLANG_WARN_SUSPICIOUS_MOVE = YES;
				CLANG_WARN_UNGUARDED_AVAILABILITY = YES_AGGRESSIVE;
				CLANG_WARN_UNREACHABLE_CODE = YES;
				CLANG_WARN__DUPLICATE_METHOD_MATCH = YES;
				COPY_PHASE_STRIP = NO;
				DEBUG_INFORMATION_FORMAT = dwarf;
				DEVELOPMENT_TEAM = 78KTXZ99TW;
				ENABLE_STRICT_OBJC_MSGSEND = YES;
				ENABLE_TESTABILITY = YES;
				ENABLE_USER_SCRIPT_SANDBOXING = YES;
				GCC_C_LANGUAGE_STANDARD = gnu17;
				GCC_DYNAMIC_NO_PIC = NO;
				GCC_NO_COMMON_BLOCKS = YES;
				GCC_OPTIMIZATION_LEVEL = 0;
				GCC_PREPROCESSOR_DEFINITIONS = (
					"DEBUG=1",
					"$(inherited)",
				);
				GCC_WARN_64_TO_32_BIT_CONVERSION = YES;
				GCC_WARN_ABOUT_RETURN_TYPE = YES_ERROR;
				GCC_WARN_UNDECLARED_SELECTOR = YES;
				GCC_WARN_UNINITIALIZED_AUTOS = YES_AGGRESSIVE;
				GCC_WARN_UNUSED_FUNCTION = YES;
				GCC_WARN_UNUSED_VARIABLE = YES;
				LOCALIZATION_PREFERS_STRING_CATALOGS = YES;
				MACOSX_DEPLOYMENT_TARGET = 15.5;
				MTL_ENABLE_DEBUG_INFO = INCLUDE_SOURCE;
				MTL_FAST_MATH = YES;
				ONLY_ACTIVE_ARCH = YES;
				SDKROOT = macosx;
			};
			name = Debug;
		};
		B289EE252EB37D6600937D0B /* Release */ = {
			isa = XCBuildConfiguration;
			buildSettings = {
				ALWAYS_SEARCH_USER_PATHS = NO;
				ASSETCATALOG_COMPILER_GENERATE_SWIFT_ASSET_SYMBOL_EXTENSIONS = YES;
				CLANG_ANALYZER_NONNULL = YES;
				CLANG_ANALYZER_NUMBER_OBJECT_CONVERSION = YES_AGGRESSIVE;
				CLANG_CXX_LANGUAGE_STANDARD = "gnu++20";
				CLANG_ENABLE_MODULES = YES;
				CLANG_ENABLE_OBJC_ARC = YES;
				CLANG_ENABLE_OBJC_WEAK = YES;
				CLANG_WARN_BLOCK_CAPTURE_AUTORELEASING = YES;
				CLANG_WARN_BOOL_CONVERSION = YES;
				CLANG_WARN_COMMA = YES;
				CLANG_WARN_CONSTANT_CONVERSION = YES;
				CLANG_WARN_DEPRECATED_OBJC_IMPLEMENTATIONS = YES;
				CLANG_WARN_DIRECT_OBJC_ISA_USAGE = YES_ERROR;
				CLANG_WARN_DOCUMENTATION_COMMENTS = YES;
				CLANG_WARN_EMPTY_BODY = YES;
				CLANG_WARN_ENUM_CONVERSION = YES;
				CLANG_WARN_INFINITE_RECURSION = YES;
				CLANG_WARN_INT_CONVERSION = YES;
				CLANG_WARN_NON_LITERAL_NULL_CONVERSION = YES;
				CLANG_WARN_OBJC_IMPLICIT_RETAIN_SELF = YES;
				CLANG_WARN_OBJC_LITERAL_CONVERSION = YES;
				CLANG_WARN_OBJC_ROOT_CLASS = YES_ERROR;
				CLANG_WARN_QUOTED_INCLUDE_IN_FRAMEWORK_HEADER = YES;
				CLANG_WARN_RANGE_LOOP_ANALYSIS = YES;
				CLANG_WARN_STRICT_PROTOTYPES = YES;
				CLANG_WARN_SUSPICIOUS_MOVE = YES;
				CLANG_WARN_UNGUARDED_AVAILABILITY = YES_AGGRESSIVE;
				CLANG_WARN_UNREACHABLE_CODE = YES;
				CLANG_WARN__DUPLICATE_METHOD_MATCH = YES;
				COPY_PHASE_STRIP = NO;
				DEBUG_INFORMATION_FORMAT = "dwarf-with-dsym";
				DEVELOPMENT_TEAM = 78KTXZ99TW;
				ENABLE_NS_ASSERTIONS = NO;
				ENABLE_STRICT_OBJC_MSGSEND = YES;
				ENABLE_USER_SCRIPT_SANDBOXING = YES;
				GCC_C_LANGUAGE_STANDARD = gnu17;
				GCC_NO_COMMON_BLOCKS = YES;
				GCC_WARN_64_TO_32_BIT_CONVERSION = YES;
				GCC_WARN_ABOUT_RETURN_TYPE = YES_ERROR;
				GCC_WARN_UNDECLARED_SELECTOR = YES;
				GCC_WARN_UNINITIALIZED_AUTOS = YES_AGGRESSIVE;
				GCC_WARN_UNUSED_FUNCTION = YES;
				GCC_WARN_UNUSED_VARIABLE = YES;
				LOCALIZATION_PREFERS_STRING_CATALOGS = YES;
				MACOSX_DEPLOYMENT_TARGET = 15.5;
				MTL_ENABLE_DEBUG_INFO = NO;
				MTL_FAST_MATH = YES;
				SDKROOT = macosx;
			};
			name = Release;
		};
		B289EE272EB37D6600937D0B /* Debug */ = {
			isa = XCBuildConfiguration;
			buildSettings = {
				CLANG_CXX_LANGUAGE_STANDARD = "c++23";
				CODE_SIGN_STYLE = Automatic;
				DEVELOPMENT_TEAM = 78KTXZ99TW;
				EXECUTABLE_PREFIX = lib;
				GCC_C_LANGUAGE_STANDARD = c23;
				GCC_ENABLE_CPP_EXCEPTIONS = YES;
				GCC_ENABLE_CPP_RTTI = YES;
				GCC_PRECOMPILE_PREFIX_HEADER = YES;
				GCC_PREFIX_HEADER = "${PROJECT_DIR}/PrefixHeader.pch";
				HEADER_SEARCH_PATHS = (
					"${PROJECT_DIR}/../KanViz/vendors/UI/ImGui",
					"${PROJECT_DIR}/../KanViz/vendors/UI/ImGuizmo",
					"${PROJECT_DIR}/../KanViz/vendors/UI/Implot",
					"${PROJECT_DIR}/../KanViz/vendors/glm",
				);
				PRODUCT_NAME = "$(TARGET_NAME)";
				SKIP_INSTALL = YES;
			};
			name = Debug;
		};
		B289EE282EB37D6600937D0B /* Release */ = {
			isa = XCBuildConfiguration;
			buildSettings = {
				CLANG_CXX_LANGUAGE_STANDARD = "c++23";
				CODE_SIGN_STYLE = Automatic;
				DEVELOPMENT_TEAM = 78KTXZ99TW;
				EXECUTABLE_PREFIX = lib;
				GCC_C_LANGUAGE_STANDARD = c23;
				GCC_ENABLE_CPP_EXCEPTIONS = YES;
				GCC_ENABLE_CPP_RTTI = YES;
				GCC_PRECOMPILE_PREFIX_HEADER = YES;
				GCC_PREFIX_HEADER = "${PROJECT_DIR}/PrefixHeader.pch";
				HEADER_SEARCH_PATHS = (
					"${PROJECT_DIR}/../KanViz/vendors/UI/ImGui",
					"${PROJECT_DIR}/../KanViz/vendors/UI/ImGuizmo",
					"${PROJECT_DIR}/../KanViz/vendors/UI/Implot",
					"${PROJECT_DIR}/../KanViz/vendors/glm",
				);
				PRODUCT_NAME = "$(TARGET_NAME)";
				SKIP_INSTALL = YES;
			};
			name = Release;
		};
/* End XCBuildConfiguration section */

/* Begin XCConfigurationList section */
		B289EE162EB37D6600937D0B /* Build configuration list for PBXProject "KanVasX" */ = {
			isa = XCConfigurationList;
			buildConfigurations = (
				B289EE242EB37D6600937D0B /* Debug */,
				B289EE252EB37D6600937D0B /* Release */,
			);
			defaultConfigurationIsVisible = 0;
			defaultConfigurationName = Release;
		};
		B289EE262EB37D6600937D0B /* Build configuration list for PBXNativeTarget "KanVasX" */ = {
			isa = XCConfigurationList;
			buildConfigurations = (
				B289EE272EB37D6600937D0B /* Debug */,
				B289EE282EB37D6600937D0B /* Release */,
			);
			defaultConfigurationIsVisible = 0;
			defaultConfigurationName = Release;
		};
/* End XCConfigurationList section */
	};
	rootObject = B289EE132EB37D6600937D0B /* Project object */;
}
