// !$*UTF8*$!
{
	archiveVersion = 1;
	classes = {
	};
	objectVersion = 77;
	objects = {

/* Begin PBXBuildFile section */
		B289E66A2EB0E43D00937D0B /* KanVizCore.hpp in Headers */ = {isa = PBXBuildFile; fileRef = B289E6682EB0E43D00937D0B /* KanVizCore.hpp */; };
		B289E66B2EB0E43D00937D0B /* KanVizCore.cpp in Sources */ = {isa = PBXBuildFile; fileRef = B289E6692EB0E43D00937D0B /* KanVizCore.cpp */; };
		B289E6742EB0E53200937D0B /* Configuration.h in Headers */ = {isa = PBXBuildFile; fileRef = B289E6732EB0E53200937D0B /* Configuration.h */; };
		B289E67A2EB1097100937D0B /* Logger.hpp in Headers */ = {isa = PBXBuildFile; fileRef = B289E6782EB1097100937D0B /* Logger.hpp */; };
		B289E67B2EB1097100937D0B /* Logger.cpp in Sources */ = {isa = PBXBuildFile; fileRef = B289E6792EB1097100937D0B /* Logger.cpp */; };
		B289E67E2EB10AB600937D0B /* LoggerSpecification.hpp in Headers */ = {isa = PBXBuildFile; fileRef = B289E67C2EB10AB600937D0B /* LoggerSpecification.hpp */; };
		B289E6812EB10AC400937D0B /* LoggerSpecification.cpp in Sources */ = {isa = PBXBuildFile; fileRef = B289E6802EB10AC400937D0B /* LoggerSpecification.cpp */; };
		B289E6842EB10C1200937D0B /* LoggerSpecificationBuilder.hpp in Headers */ = {isa = PBXBuildFile; fileRef = B289E6822EB10C1200937D0B /* LoggerSpecificationBuilder.hpp */; };
		B289E6852EB10C1200937D0B /* LoggerSpecificationBuilder.cpp in Sources */ = {isa = PBXBuildFile; fileRef = B289E6832EB10C1200937D0B /* LoggerSpecificationBuilder.cpp */; };
		B289E6932EB111F300937D0B /* LoggerAPI.h in Headers */ = {isa = PBXBuildFile; fileRef = B289E6922EB111F300937D0B /* LoggerAPI.h */; };
		B289E6972EB112CD00937D0B /* AssertAPI.h in Headers */ = {isa = PBXBuildFile; fileRef = B289E6962EB112CD00937D0B /* AssertAPI.h */; };
		B289E69C2EB1138E00937D0B /* Timer.hpp in Headers */ = {isa = PBXBuildFile; fileRef = B289E69A2EB1138E00937D0B /* Timer.hpp */; };
		B289E69D2EB1138E00937D0B /* Timer.cpp in Sources */ = {isa = PBXBuildFile; fileRef = B289E69B2EB1138E00937D0B /* Timer.cpp */; };
		B289E6A02EB113C300937D0B /* Profiler.hpp in Headers */ = {isa = PBXBuildFile; fileRef = B289E69E2EB113C300937D0B /* Profiler.hpp */; };
		B289E6A12EB113C300937D0B /* Profiler.cpp in Sources */ = {isa = PBXBuildFile; fileRef = B289E69F2EB113C300937D0B /* Profiler.cpp */; };
		B289E6A42EB1147600937D0B /* ScopedProfiler.hpp in Headers */ = {isa = PBXBuildFile; fileRef = B289E6A22EB1147600937D0B /* ScopedProfiler.hpp */; };
		B289E6A52EB1147600937D0B /* ScopedProfiler.cpp in Sources */ = {isa = PBXBuildFile; fileRef = B289E6A32EB1147600937D0B /* ScopedProfiler.cpp */; };
		B289E6A82EB114AF00937D0B /* PerformanceProfiler.hpp in Headers */ = {isa = PBXBuildFile; fileRef = B289E6A62EB114AF00937D0B /* PerformanceProfiler.hpp */; };
		B289E6A92EB114AF00937D0B /* PerformanceProfiler.cpp in Sources */ = {isa = PBXBuildFile; fileRef = B289E6A72EB114AF00937D0B /* PerformanceProfiler.cpp */; };
		B289E6AC2EB1154000937D0B /* ScopedPerformanceProfiler.hpp in Headers */ = {isa = PBXBuildFile; fileRef = B289E6AA2EB1154000937D0B /* ScopedPerformanceProfiler.hpp */; };
		B289E6AD2EB1154000937D0B /* ScopedPerformanceProfiler.cpp in Sources */ = {isa = PBXBuildFile; fileRef = B289E6AB2EB1154000937D0B /* ScopedPerformanceProfiler.cpp */; };
		B289E6CA2EB122C200937D0B /* TimeStep.hpp in Headers */ = {isa = PBXBuildFile; fileRef = B289E6C82EB122C200937D0B /* TimeStep.hpp */; };
		B289E6CB2EB122C200937D0B /* TimeStep.cpp in Sources */ = {isa = PBXBuildFile; fileRef = B289E6C92EB122C200937D0B /* TimeStep.cpp */; };
		B289E6D12EB1A44000937D0B /* Application.hpp in Headers */ = {isa = PBXBuildFile; fileRef = B289E6CF2EB1A44000937D0B /* Application.hpp */; };
		B289E6D22EB1A44000937D0B /* Application.cpp in Sources */ = {isa = PBXBuildFile; fileRef = B289E6D02EB1A44000937D0B /* Application.cpp */; };
		B289E6D42EB1A4C800937D0B /* ApplicationSpecification.h in Headers */ = {isa = PBXBuildFile; fileRef = B289E6D32EB1A4C800937D0B /* ApplicationSpecification.h */; };
		B289E6D72EB1A68000937D0B /* ApplicationFactory.hpp in Headers */ = {isa = PBXBuildFile; fileRef = B289E6D52EB1A68000937D0B /* ApplicationFactory.hpp */; };
		B289E6DE2EB1A78600937D0B /* WindowSpecification.h in Headers */ = {isa = PBXBuildFile; fileRef = B289E6DD2EB1A78600937D0B /* WindowSpecification.h */; };
		B289E6E12EB1A81500937D0B /* Window.hpp in Headers */ = {isa = PBXBuildFile; fileRef = B289E6DF2EB1A81500937D0B /* Window.hpp */; };
		B289E6E52EB1A81D00937D0B /* WindowFactory.cpp in Sources */ = {isa = PBXBuildFile; fileRef = B289E6E42EB1A81D00937D0B /* WindowFactory.cpp */; };
		B289E6E62EB1A81D00937D0B /* WindowFactory.hpp in Headers */ = {isa = PBXBuildFile; fileRef = B289E6E32EB1A81D00937D0B /* WindowFactory.hpp */; };
		B289E6EB2EB1A8F700937D0B /* MacWindiow.hpp in Headers */ = {isa = PBXBuildFile; fileRef = B289E6E92EB1A8F700937D0B /* MacWindiow.hpp */; };
		B289E6EC2EB1A8F700937D0B /* MacWindiow.cpp in Sources */ = {isa = PBXBuildFile; fileRef = B289E6EA2EB1A8F700937D0B /* MacWindiow.cpp */; };
		B289E8192EB1AA4E00937D0B /* libGLFW.a in Frameworks */ = {isa = PBXBuildFile; fileRef = B289E7092EB1A9A900937D0B /* libGLFW.a */; };
		B289E8202EB1AB3800937D0B /* RendererType.hpp in Headers */ = {isa = PBXBuildFile; fileRef = B289E81E2EB1AB3800937D0B /* RendererType.hpp */; };
		B289E8212EB1AB3800937D0B /* RendererType.cpp in Sources */ = {isa = PBXBuildFile; fileRef = B289E81F2EB1AB3800937D0B /* RendererType.cpp */; };
		B289E8242EB1AEA100937D0B /* Renderer.cpp in Sources */ = {isa = PBXBuildFile; fileRef = B289E8232EB1AEA100937D0B /* Renderer.cpp */; };
		B289E8252EB1AEA100937D0B /* Renderer.hpp in Headers */ = {isa = PBXBuildFile; fileRef = B289E8222EB1AEA100937D0B /* Renderer.hpp */; };
		B289E82A2EB1B00D00937D0B /* Factories.hpp in Headers */ = {isa = PBXBuildFile; fileRef = B289E8282EB1B00D00937D0B /* Factories.hpp */; };
		B289E82B2EB1B00D00937D0B /* Factories.cpp in Sources */ = {isa = PBXBuildFile; fileRef = B289E8292EB1B00D00937D0B /* Factories.cpp */; };
		B289E82F2EB1B01D00937D0B /* RendererContext.hpp in Headers */ = {isa = PBXBuildFile; fileRef = B289E82C2EB1B01D00937D0B /* RendererContext.hpp */; };
		B289E8322EB1B02500937D0B /* RendererAPI.hpp in Headers */ = {isa = PBXBuildFile; fileRef = B289E8302EB1B02500937D0B /* RendererAPI.hpp */; };
		B289E8372EB1B04100937D0B /* OpenGLRendererContext.cpp in Sources */ = {isa = PBXBuildFile; fileRef = B289E8362EB1B04100937D0B /* OpenGLRendererContext.cpp */; };
		B289E8382EB1B04100937D0B /* OpenGLRendererContext.hpp in Headers */ = {isa = PBXBuildFile; fileRef = B289E8352EB1B04100937D0B /* OpenGLRendererContext.hpp */; };
		B289E83B2EB1B04B00937D0B /* OpenGLRendererAPI.hpp in Headers */ = {isa = PBXBuildFile; fileRef = B289E8392EB1B04B00937D0B /* OpenGLRendererAPI.hpp */; };
		B289E83C2EB1B04B00937D0B /* OpenGLRendererAPI.cpp in Sources */ = {isa = PBXBuildFile; fileRef = B289E83A2EB1B04B00937D0B /* OpenGLRendererAPI.cpp */; };
		B289E8642EB1B24F00937D0B /* libGlad.a in Frameworks */ = {isa = PBXBuildFile; fileRef = B289E8592EB1B06500937D0B /* libGlad.a */; };
		B289E8682EB1B2C100937D0B /* Layer.hpp in Headers */ = {isa = PBXBuildFile; fileRef = B289E8652EB1B2C100937D0B /* Layer.hpp */; };
		B289E86B2EB1B2FE00937D0B /* LayerStack.hpp in Headers */ = {isa = PBXBuildFile; fileRef = B289E8692EB1B2FE00937D0B /* LayerStack.hpp */; };
		B289E86C2EB1B2FE00937D0B /* LayerStack.cpp in Sources */ = {isa = PBXBuildFile; fileRef = B289E86A2EB1B2FE00937D0B /* LayerStack.cpp */; };
		B289E8722EB1B34F00937D0B /* DesignHelper.h in Headers */ = {isa = PBXBuildFile; fileRef = B289E8712EB1B34F00937D0B /* DesignHelper.h */; };
		B289E8742EB2284400937D0B /* BufferLayout.hpp in Headers */ = {isa = PBXBuildFile; fileRef = B289E8732EB2284400937D0B /* BufferLayout.hpp */; };
		B289E8782EB2284A00937D0B /* IndexBuffer.hpp in Headers */ = {isa = PBXBuildFile; fileRef = B289E8762EB2284A00937D0B /* IndexBuffer.hpp */; };
		B289E8792EB2284A00937D0B /* Pipeline.hpp in Headers */ = {isa = PBXBuildFile; fileRef = B289E8772EB2284A00937D0B /* Pipeline.hpp */; };
		B289E87A2EB2284A00937D0B /* FrameBuffer.hpp in Headers */ = {isa = PBXBuildFile; fileRef = B289E8752EB2284A00937D0B /* FrameBuffer.hpp */; };
		B289E8812EB2285200937D0B /* ShaderUniforms.hpp in Headers */ = {isa = PBXBuildFile; fileRef = B289E87D2EB2285200937D0B /* ShaderUniforms.hpp */; };
		B289E8822EB2285200937D0B /* Specifications.h in Headers */ = {isa = PBXBuildFile; fileRef = B289E87E2EB2285200937D0B /* Specifications.h */; };
		B289E8832EB2285200937D0B /* Texture.hpp in Headers */ = {isa = PBXBuildFile; fileRef = B289E87F2EB2285200937D0B /* Texture.hpp */; };
		B289E8842EB2285200937D0B /* ShaderLibrary.hpp in Headers */ = {isa = PBXBuildFile; fileRef = B289E87C2EB2285200937D0B /* ShaderLibrary.hpp */; };
		B289E8852EB2285200937D0B /* VertexBuffer.hpp in Headers */ = {isa = PBXBuildFile; fileRef = B289E8802EB2285200937D0B /* VertexBuffer.hpp */; };
		B289E8862EB2285200937D0B /* Shader.hpp in Headers */ = {isa = PBXBuildFile; fileRef = B289E87B2EB2285200937D0B /* Shader.hpp */; };
		B289E88B2EB2287800937D0B /* BufferLayout.cpp in Sources */ = {isa = PBXBuildFile; fileRef = B289E8872EB2287800937D0B /* BufferLayout.cpp */; };
		B289E88C2EB2287800937D0B /* Shader.cpp in Sources */ = {isa = PBXBuildFile; fileRef = B289E8882EB2287800937D0B /* Shader.cpp */; };
		B289E88D2EB2287800937D0B /* ShaderLibrary.cpp in Sources */ = {isa = PBXBuildFile; fileRef = B289E8892EB2287800937D0B /* ShaderLibrary.cpp */; };
		B289E88E2EB2287800937D0B /* ShaderUniforms.cpp in Sources */ = {isa = PBXBuildFile; fileRef = B289E88A2EB2287800937D0B /* ShaderUniforms.cpp */; };
		B289E8912EB228B100937D0B /* Buffer.hpp in Headers */ = {isa = PBXBuildFile; fileRef = B289E88F2EB228B100937D0B /* Buffer.hpp */; };
		B289E8922EB228B100937D0B /* Buffer.cpp in Sources */ = {isa = PBXBuildFile; fileRef = B289E8902EB228B100937D0B /* Buffer.cpp */; };
		B289E89B2EB22A0F00937D0B /* OpenGLPipeline.hpp in Headers */ = {isa = PBXBuildFile; fileRef = B289E8992EB22A0F00937D0B /* OpenGLPipeline.hpp */; };
		B289E89C2EB22A0F00937D0B /* OpenGLFrameBuffer.hpp in Headers */ = {isa = PBXBuildFile; fileRef = B289E8952EB22A0F00937D0B /* OpenGLFrameBuffer.hpp */; };
		B289E89D2EB22A0F00937D0B /* OpenGLIndexBuffer.hpp in Headers */ = {isa = PBXBuildFile; fileRef = B289E8972EB22A0F00937D0B /* OpenGLIndexBuffer.hpp */; };
		B289E89E2EB22A0F00937D0B /* OpenGLFrameBuffer.cpp in Sources */ = {isa = PBXBuildFile; fileRef = B289E8962EB22A0F00937D0B /* OpenGLFrameBuffer.cpp */; };
		B289E89F2EB22A0F00937D0B /* OpenGLPipeline.cpp in Sources */ = {isa = PBXBuildFile; fileRef = B289E89A2EB22A0F00937D0B /* OpenGLPipeline.cpp */; };
		B289E8A02EB22A0F00937D0B /* OpenGLIndexBuffer.cpp in Sources */ = {isa = PBXBuildFile; fileRef = B289E8982EB22A0F00937D0B /* OpenGLIndexBuffer.cpp */; };
		B289E8AB2EB22A1F00937D0B /* OpenGLShader.hpp in Headers */ = {isa = PBXBuildFile; fileRef = B289E8A12EB22A1F00937D0B /* OpenGLShader.hpp */; };
		B289E8AC2EB22A1F00937D0B /* OpenGLTexture.hpp in Headers */ = {isa = PBXBuildFile; fileRef = B289E8A72EB22A1F00937D0B /* OpenGLTexture.hpp */; };
		B289E8AD2EB22A1F00937D0B /* OpenGLSpecification.hpp in Headers */ = {isa = PBXBuildFile; fileRef = B289E8A52EB22A1F00937D0B /* OpenGLSpecification.hpp */; };
		B289E8AE2EB22A1F00937D0B /* OpenGLVertexBuffer.hpp in Headers */ = {isa = PBXBuildFile; fileRef = B289E8A92EB22A1F00937D0B /* OpenGLVertexBuffer.hpp */; };
		B289E8AF2EB22A1F00937D0B /* OpenGLShaderUniforms.hpp in Headers */ = {isa = PBXBuildFile; fileRef = B289E8A32EB22A1F00937D0B /* OpenGLShaderUniforms.hpp */; };
		B289E8B02EB22A1F00937D0B /* OpenGLShaderUniforms.cpp in Sources */ = {isa = PBXBuildFile; fileRef = B289E8A42EB22A1F00937D0B /* OpenGLShaderUniforms.cpp */; };
		B289E8B12EB22A1F00937D0B /* OpenGLSpecification.cpp in Sources */ = {isa = PBXBuildFile; fileRef = B289E8A62EB22A1F00937D0B /* OpenGLSpecification.cpp */; };
		B289E8B22EB22A1F00937D0B /* OpenGLShader.cpp in Sources */ = {isa = PBXBuildFile; fileRef = B289E8A22EB22A1F00937D0B /* OpenGLShader.cpp */; };
		B289E8B32EB22A1F00937D0B /* OpenGLVertexBuffer.cpp in Sources */ = {isa = PBXBuildFile; fileRef = B289E8AA2EB22A1F00937D0B /* OpenGLVertexBuffer.cpp */; };
		B289E8B42EB22A1F00937D0B /* OpenGLTexture.cpp in Sources */ = {isa = PBXBuildFile; fileRef = B289E8A82EB22A1F00937D0B /* OpenGLTexture.cpp */; };
		B289E8B72EB22A3E00937D0B /* RendererStats.cpp in Sources */ = {isa = PBXBuildFile; fileRef = B289E8B62EB22A3E00937D0B /* RendererStats.cpp */; };
		B289E8B82EB22A3E00937D0B /* RendererStats.hpp in Headers */ = {isa = PBXBuildFile; fileRef = B289E8B52EB22A3E00937D0B /* RendererStats.hpp */; };
		B289EABD2EB22C9400937D0B /* RendererCommandQueue.cpp in Sources */ = {isa = PBXBuildFile; fileRef = B289EABC2EB22C9400937D0B /* RendererCommandQueue.cpp */; };
		B289EABE2EB22C9400937D0B /* RendererCommandQueue.hpp in Headers */ = {isa = PBXBuildFile; fileRef = B289EABB2EB22C9400937D0B /* RendererCommandQueue.hpp */; };
		B289EAD12EB22E4F00937D0B /* MathUtils.hpp in Headers */ = {isa = PBXBuildFile; fileRef = B289EACE2EB22E4F00937D0B /* MathUtils.hpp */; };
		B289EAD22EB22E4F00937D0B /* FileSystemUtils.hpp in Headers */ = {isa = PBXBuildFile; fileRef = B289EACD2EB22E4F00937D0B /* FileSystemUtils.hpp */; };
		B289EAD32EB22E4F00937D0B /* StringUtils.hpp in Headers */ = {isa = PBXBuildFile; fileRef = B289EACF2EB22E4F00937D0B /* StringUtils.hpp */; };
		B289EAD42EB22E4F00937D0B /* YAMLUtils.hpp in Headers */ = {isa = PBXBuildFile; fileRef = B289EAD02EB22E4F00937D0B /* YAMLUtils.hpp */; };
		B289EAD82EB22E6200937D0B /* MathUtils.cpp in Sources */ = {isa = PBXBuildFile; fileRef = B289EAD62EB22E6200937D0B /* MathUtils.cpp */; };
		B289EAD92EB22E6200937D0B /* StringUtils.cpp in Sources */ = {isa = PBXBuildFile; fileRef = B289EAD72EB22E6200937D0B /* StringUtils.cpp */; };
		B289EADA2EB22E6200937D0B /* FileSystemUtils.cpp in Sources */ = {isa = PBXBuildFile; fileRef = B289EAD52EB22E6200937D0B /* FileSystemUtils.cpp */; };
		B289EDB72EB2314300937D0B /* libUI.a in Frameworks */ = {isa = PBXBuildFile; fileRef = B289EACB2EB22E3000937D0B /* libUI.a */; };
		B289EDB82EB2314A00937D0B /* libYAML.a in Frameworks */ = {isa = PBXBuildFile; fileRef = B289EAF72EB22EBD00937D0B /* libYAML.a */; };
		B289EDE02EB231ED00937D0B /* libstb_image.a in Frameworks */ = {isa = PBXBuildFile; fileRef = B289EDDA2EB231BB00937D0B /* libstb_image.a */; };
		B289EDE52EB232B300937D0B /* ImGuiLayer.hpp in Headers */ = {isa = PBXBuildFile; fileRef = B289EDE32EB232B300937D0B /* ImGuiLayer.hpp */; };
		B289EDE62EB232B300937D0B /* ImGuiLayer.cpp in Sources */ = {isa = PBXBuildFile; fileRef = B289EDE42EB232B300937D0B /* ImGuiLayer.cpp */; };
/* End PBXBuildFile section */

/* Begin PBXContainerItemProxy section */
		B289E7082EB1A9A900937D0B /* PBXContainerItemProxy */ = {
			isa = PBXContainerItemProxy;
			containerPortal = B289E7042EB1A9A900937D0B /* GLFW.xcodeproj */;
			proxyType = 2;
			remoteGlobalIDString = B289E6F62EB1A9A800937D0B;
			remoteInfo = GLFW;
		};
		B289E8582EB1B06500937D0B /* PBXContainerItemProxy */ = {
			isa = PBXContainerItemProxy;
			containerPortal = B289E8542EB1B06400937D0B /* Glad.xcodeproj */;
			proxyType = 2;
			remoteGlobalIDString = B289E8462EB1B06400937D0B;
			remoteInfo = Glad;
		};
		B289EACA2EB22E3000937D0B /* PBXContainerItemProxy */ = {
			isa = PBXContainerItemProxy;
			containerPortal = B289E9092EB22B0A00937D0B /* UI.xcodeproj */;
			proxyType = 2;
			remoteGlobalIDString = B289E8FB2EB22B0900937D0B;
			remoteInfo = UI;
		};
		B289EAF62EB22EBD00937D0B /* PBXContainerItemProxy */ = {
			isa = PBXContainerItemProxy;
			containerPortal = B289EAF22EB22EBD00937D0B /* YAML.xcodeproj */;
			proxyType = 2;
			remoteGlobalIDString = B289EAE42EB22EBD00937D0B;
			remoteInfo = YAML;
		};
		B289EDD92EB231BB00937D0B /* PBXContainerItemProxy */ = {
			isa = PBXContainerItemProxy;
			containerPortal = B289EDD52EB231BB00937D0B /* stb_image.xcodeproj */;
			proxyType = 2;
			remoteGlobalIDString = B289EDC72EB231BA00937D0B;
			remoteInfo = stb_image;
		};
/* End PBXContainerItemProxy section */

/* Begin PBXFileReference section */
		B289E63D2EB0E13B00937D0B /* libKanViz.a */ = {isa = PBXFileReference; explicitFileType = archive.ar; includeInIndex = 0; path = libKanViz.a; sourceTree = BUILT_PRODUCTS_DIR; };
		B289E64B2EB0E14800937D0B /* PrefixHeader.pch */ = {isa = PBXFileReference; lastKnownFileType = sourcecode.c.h; path = PrefixHeader.pch; sourceTree = "<group>"; };
		B289E6682EB0E43D00937D0B /* KanVizCore.hpp */ = {isa = PBXFileReference; lastKnownFileType = sourcecode.cpp.h; path = KanVizCore.hpp; sourceTree = "<group>"; };
		B289E6692EB0E43D00937D0B /* KanVizCore.cpp */ = {isa = PBXFileReference; lastKnownFileType = sourcecode.cpp.cpp; path = KanVizCore.cpp; sourceTree = "<group>"; };
		B289E66C2EB0E44900937D0B /* KanVizHeader.h */ = {isa = PBXFileReference; lastKnownFileType = sourcecode.c.h; path = KanVizHeader.h; sourceTree = "<group>"; };
		B289E6732EB0E53200937D0B /* Configuration.h */ = {isa = PBXFileReference; lastKnownFileType = sourcecode.c.h; path = Configuration.h; sourceTree = "<group>"; };
		B289E6782EB1097100937D0B /* Logger.hpp */ = {isa = PBXFileReference; lastKnownFileType = sourcecode.cpp.h; path = Logger.hpp; sourceTree = "<group>"; };
		B289E6792EB1097100937D0B /* Logger.cpp */ = {isa = PBXFileReference; lastKnownFileType = sourcecode.cpp.cpp; path = Logger.cpp; sourceTree = "<group>"; };
		B289E67C2EB10AB600937D0B /* LoggerSpecification.hpp */ = {isa = PBXFileReference; lastKnownFileType = sourcecode.cpp.h; path = LoggerSpecification.hpp; sourceTree = "<group>"; };
		B289E6802EB10AC400937D0B /* LoggerSpecification.cpp */ = {isa = PBXFileReference; lastKnownFileType = sourcecode.cpp.cpp; path = LoggerSpecification.cpp; sourceTree = "<group>"; };
		B289E6822EB10C1200937D0B /* LoggerSpecificationBuilder.hpp */ = {isa = PBXFileReference; lastKnownFileType = sourcecode.cpp.h; path = LoggerSpecificationBuilder.hpp; sourceTree = "<group>"; };
		B289E6832EB10C1200937D0B /* LoggerSpecificationBuilder.cpp */ = {isa = PBXFileReference; lastKnownFileType = sourcecode.cpp.cpp; path = LoggerSpecificationBuilder.cpp; sourceTree = "<group>"; };
		B289E6922EB111F300937D0B /* LoggerAPI.h */ = {isa = PBXFileReference; lastKnownFileType = sourcecode.c.h; path = LoggerAPI.h; sourceTree = "<group>"; };
		B289E6962EB112CD00937D0B /* AssertAPI.h */ = {isa = PBXFileReference; lastKnownFileType = sourcecode.c.h; path = AssertAPI.h; sourceTree = "<group>"; };
		B289E69A2EB1138E00937D0B /* Timer.hpp */ = {isa = PBXFileReference; lastKnownFileType = sourcecode.cpp.h; path = Timer.hpp; sourceTree = "<group>"; };
		B289E69B2EB1138E00937D0B /* Timer.cpp */ = {isa = PBXFileReference; lastKnownFileType = sourcecode.cpp.cpp; path = Timer.cpp; sourceTree = "<group>"; };
		B289E69E2EB113C300937D0B /* Profiler.hpp */ = {isa = PBXFileReference; lastKnownFileType = sourcecode.cpp.h; path = Profiler.hpp; sourceTree = "<group>"; };
		B289E69F2EB113C300937D0B /* Profiler.cpp */ = {isa = PBXFileReference; lastKnownFileType = sourcecode.cpp.cpp; path = Profiler.cpp; sourceTree = "<group>"; };
		B289E6A22EB1147600937D0B /* ScopedProfiler.hpp */ = {isa = PBXFileReference; lastKnownFileType = sourcecode.cpp.h; path = ScopedProfiler.hpp; sourceTree = "<group>"; };
		B289E6A32EB1147600937D0B /* ScopedProfiler.cpp */ = {isa = PBXFileReference; lastKnownFileType = sourcecode.cpp.cpp; path = ScopedProfiler.cpp; sourceTree = "<group>"; };
		B289E6A62EB114AF00937D0B /* PerformanceProfiler.hpp */ = {isa = PBXFileReference; lastKnownFileType = sourcecode.cpp.h; path = PerformanceProfiler.hpp; sourceTree = "<group>"; };
		B289E6A72EB114AF00937D0B /* PerformanceProfiler.cpp */ = {isa = PBXFileReference; lastKnownFileType = sourcecode.cpp.cpp; path = PerformanceProfiler.cpp; sourceTree = "<group>"; };
		B289E6AA2EB1154000937D0B /* ScopedPerformanceProfiler.hpp */ = {isa = PBXFileReference; lastKnownFileType = sourcecode.cpp.h; path = ScopedPerformanceProfiler.hpp; sourceTree = "<group>"; };
		B289E6AB2EB1154000937D0B /* ScopedPerformanceProfiler.cpp */ = {isa = PBXFileReference; lastKnownFileType = sourcecode.cpp.cpp; path = ScopedPerformanceProfiler.cpp; sourceTree = "<group>"; };
		B289E6C02EB1229800937D0B /* ApplicationEvents.h */ = {isa = PBXFileReference; lastKnownFileType = sourcecode.c.h; path = ApplicationEvents.h; sourceTree = "<group>"; };
		B289E6C22EB1229800937D0B /* Events.h */ = {isa = PBXFileReference; lastKnownFileType = sourcecode.c.h; path = Events.h; sourceTree = "<group>"; };
		B289E6C32EB1229800937D0B /* KeyboardEvents.h */ = {isa = PBXFileReference; lastKnownFileType = sourcecode.c.h; path = KeyboardEvents.h; sourceTree = "<group>"; };
		B289E6C42EB1229800937D0B /* MouseEvents.h */ = {isa = PBXFileReference; lastKnownFileType = sourcecode.c.h; path = MouseEvents.h; sourceTree = "<group>"; };
		B289E6C62EB1229800937D0B /* KeyCodes.h */ = {isa = PBXFileReference; lastKnownFileType = sourcecode.c.h; path = KeyCodes.h; sourceTree = "<group>"; };
		B289E6C72EB1229800937D0B /* MouseButtonCodes.h */ = {isa = PBXFileReference; lastKnownFileType = sourcecode.c.h; path = MouseButtonCodes.h; sourceTree = "<group>"; };
		B289E6C82EB122C200937D0B /* TimeStep.hpp */ = {isa = PBXFileReference; lastKnownFileType = sourcecode.cpp.h; path = TimeStep.hpp; sourceTree = "<group>"; };
		B289E6C92EB122C200937D0B /* TimeStep.cpp */ = {isa = PBXFileReference; lastKnownFileType = sourcecode.cpp.cpp; path = TimeStep.cpp; sourceTree = "<group>"; };
		B289E6CF2EB1A44000937D0B /* Application.hpp */ = {isa = PBXFileReference; lastKnownFileType = sourcecode.cpp.h; path = Application.hpp; sourceTree = "<group>"; };
		B289E6D02EB1A44000937D0B /* Application.cpp */ = {isa = PBXFileReference; lastKnownFileType = sourcecode.cpp.cpp; path = Application.cpp; sourceTree = "<group>"; };
		B289E6D32EB1A4C800937D0B /* ApplicationSpecification.h */ = {isa = PBXFileReference; lastKnownFileType = sourcecode.c.h; path = ApplicationSpecification.h; sourceTree = "<group>"; };
		B289E6D52EB1A68000937D0B /* ApplicationFactory.hpp */ = {isa = PBXFileReference; lastKnownFileType = sourcecode.cpp.h; path = ApplicationFactory.hpp; sourceTree = "<group>"; };
		B289E6DD2EB1A78600937D0B /* WindowSpecification.h */ = {isa = PBXFileReference; lastKnownFileType = sourcecode.c.h; path = WindowSpecification.h; sourceTree = "<group>"; };
		B289E6DF2EB1A81500937D0B /* Window.hpp */ = {isa = PBXFileReference; lastKnownFileType = sourcecode.cpp.h; path = Window.hpp; sourceTree = "<group>"; };
		B289E6E32EB1A81D00937D0B /* WindowFactory.hpp */ = {isa = PBXFileReference; lastKnownFileType = sourcecode.cpp.h; path = WindowFactory.hpp; sourceTree = "<group>"; };
		B289E6E42EB1A81D00937D0B /* WindowFactory.cpp */ = {isa = PBXFileReference; lastKnownFileType = sourcecode.cpp.cpp; path = WindowFactory.cpp; sourceTree = "<group>"; };
		B289E6E92EB1A8F700937D0B /* MacWindiow.hpp */ = {isa = PBXFileReference; lastKnownFileType = sourcecode.cpp.h; path = MacWindiow.hpp; sourceTree = "<group>"; };
		B289E6EA2EB1A8F700937D0B /* MacWindiow.cpp */ = {isa = PBXFileReference; lastKnownFileType = sourcecode.cpp.cpp; path = MacWindiow.cpp; sourceTree = "<group>"; };
		B289E7042EB1A9A900937D0B /* GLFW.xcodeproj */ = {isa = PBXFileReference; lastKnownFileType = "wrapper.pb-project"; name = GLFW.xcodeproj; path = GLFW/GLFW.xcodeproj; sourceTree = "<group>"; };
		B289E81E2EB1AB3800937D0B /* RendererType.hpp */ = {isa = PBXFileReference; lastKnownFileType = sourcecode.cpp.h; path = RendererType.hpp; sourceTree = "<group>"; };
		B289E81F2EB1AB3800937D0B /* RendererType.cpp */ = {isa = PBXFileReference; lastKnownFileType = sourcecode.cpp.cpp; path = RendererType.cpp; sourceTree = "<group>"; };
		B289E8222EB1AEA100937D0B /* Renderer.hpp */ = {isa = PBXFileReference; lastKnownFileType = sourcecode.cpp.h; path = Renderer.hpp; sourceTree = "<group>"; };
		B289E8232EB1AEA100937D0B /* Renderer.cpp */ = {isa = PBXFileReference; lastKnownFileType = sourcecode.cpp.cpp; path = Renderer.cpp; sourceTree = "<group>"; };
		B289E8282EB1B00D00937D0B /* Factories.hpp */ = {isa = PBXFileReference; lastKnownFileType = sourcecode.cpp.h; path = Factories.hpp; sourceTree = "<group>"; };
		B289E8292EB1B00D00937D0B /* Factories.cpp */ = {isa = PBXFileReference; lastKnownFileType = sourcecode.cpp.cpp; path = Factories.cpp; sourceTree = "<group>"; };
		B289E82C2EB1B01D00937D0B /* RendererContext.hpp */ = {isa = PBXFileReference; lastKnownFileType = sourcecode.cpp.h; path = RendererContext.hpp; sourceTree = "<group>"; };
		B289E8302EB1B02500937D0B /* RendererAPI.hpp */ = {isa = PBXFileReference; lastKnownFileType = sourcecode.cpp.h; path = RendererAPI.hpp; sourceTree = "<group>"; };
		B289E8352EB1B04100937D0B /* OpenGLRendererContext.hpp */ = {isa = PBXFileReference; lastKnownFileType = sourcecode.cpp.h; path = OpenGLRendererContext.hpp; sourceTree = "<group>"; };
		B289E8362EB1B04100937D0B /* OpenGLRendererContext.cpp */ = {isa = PBXFileReference; lastKnownFileType = sourcecode.cpp.cpp; path = OpenGLRendererContext.cpp; sourceTree = "<group>"; };
		B289E8392EB1B04B00937D0B /* OpenGLRendererAPI.hpp */ = {isa = PBXFileReference; lastKnownFileType = sourcecode.cpp.h; path = OpenGLRendererAPI.hpp; sourceTree = "<group>"; };
		B289E83A2EB1B04B00937D0B /* OpenGLRendererAPI.cpp */ = {isa = PBXFileReference; lastKnownFileType = sourcecode.cpp.cpp; path = OpenGLRendererAPI.cpp; sourceTree = "<group>"; };
		B289E8542EB1B06400937D0B /* Glad.xcodeproj */ = {isa = PBXFileReference; lastKnownFileType = "wrapper.pb-project"; name = Glad.xcodeproj; path = Glad/Glad.xcodeproj; sourceTree = "<group>"; };
		B289E8652EB1B2C100937D0B /* Layer.hpp */ = {isa = PBXFileReference; lastKnownFileType = sourcecode.cpp.h; path = Layer.hpp; sourceTree = "<group>"; };
		B289E8692EB1B2FE00937D0B /* LayerStack.hpp */ = {isa = PBXFileReference; lastKnownFileType = sourcecode.cpp.h; path = LayerStack.hpp; sourceTree = "<group>"; };
		B289E86A2EB1B2FE00937D0B /* LayerStack.cpp */ = {isa = PBXFileReference; lastKnownFileType = sourcecode.cpp.cpp; path = LayerStack.cpp; sourceTree = "<group>"; };
		B289E8712EB1B34F00937D0B /* DesignHelper.h */ = {isa = PBXFileReference; lastKnownFileType = sourcecode.c.h; path = DesignHelper.h; sourceTree = "<group>"; };
		B289E8732EB2284400937D0B /* BufferLayout.hpp */ = {isa = PBXFileReference; lastKnownFileType = sourcecode.cpp.h; path = BufferLayout.hpp; sourceTree = "<group>"; };
		B289E8752EB2284A00937D0B /* FrameBuffer.hpp */ = {isa = PBXFileReference; lastKnownFileType = sourcecode.cpp.h; path = FrameBuffer.hpp; sourceTree = "<group>"; };
		B289E8762EB2284A00937D0B /* IndexBuffer.hpp */ = {isa = PBXFileReference; lastKnownFileType = sourcecode.cpp.h; path = IndexBuffer.hpp; sourceTree = "<group>"; };
		B289E8772EB2284A00937D0B /* Pipeline.hpp */ = {isa = PBXFileReference; lastKnownFileType = sourcecode.cpp.h; path = Pipeline.hpp; sourceTree = "<group>"; };
		B289E87B2EB2285200937D0B /* Shader.hpp */ = {isa = PBXFileReference; lastKnownFileType = sourcecode.cpp.h; path = Shader.hpp; sourceTree = "<group>"; };
		B289E87C2EB2285200937D0B /* ShaderLibrary.hpp */ = {isa = PBXFileReference; lastKnownFileType = sourcecode.cpp.h; path = ShaderLibrary.hpp; sourceTree = "<group>"; };
		B289E87D2EB2285200937D0B /* ShaderUniforms.hpp */ = {isa = PBXFileReference; lastKnownFileType = sourcecode.cpp.h; path = ShaderUniforms.hpp; sourceTree = "<group>"; };
		B289E87E2EB2285200937D0B /* Specifications.h */ = {isa = PBXFileReference; lastKnownFileType = sourcecode.c.h; path = Specifications.h; sourceTree = "<group>"; };
		B289E87F2EB2285200937D0B /* Texture.hpp */ = {isa = PBXFileReference; lastKnownFileType = sourcecode.cpp.h; path = Texture.hpp; sourceTree = "<group>"; };
		B289E8802EB2285200937D0B /* VertexBuffer.hpp */ = {isa = PBXFileReference; lastKnownFileType = sourcecode.cpp.h; path = VertexBuffer.hpp; sourceTree = "<group>"; };
		B289E8872EB2287800937D0B /* BufferLayout.cpp */ = {isa = PBXFileReference; lastKnownFileType = sourcecode.cpp.cpp; path = BufferLayout.cpp; sourceTree = "<group>"; };
		B289E8882EB2287800937D0B /* Shader.cpp */ = {isa = PBXFileReference; lastKnownFileType = sourcecode.cpp.cpp; path = Shader.cpp; sourceTree = "<group>"; };
		B289E8892EB2287800937D0B /* ShaderLibrary.cpp */ = {isa = PBXFileReference; lastKnownFileType = sourcecode.cpp.cpp; path = ShaderLibrary.cpp; sourceTree = "<group>"; };
		B289E88A2EB2287800937D0B /* ShaderUniforms.cpp */ = {isa = PBXFileReference; lastKnownFileType = sourcecode.cpp.cpp; path = ShaderUniforms.cpp; sourceTree = "<group>"; };
		B289E88F2EB228B100937D0B /* Buffer.hpp */ = {isa = PBXFileReference; lastKnownFileType = sourcecode.cpp.h; path = Buffer.hpp; sourceTree = "<group>"; };
		B289E8902EB228B100937D0B /* Buffer.cpp */ = {isa = PBXFileReference; lastKnownFileType = sourcecode.cpp.cpp; path = Buffer.cpp; sourceTree = "<group>"; };
		B289E8952EB22A0F00937D0B /* OpenGLFrameBuffer.hpp */ = {isa = PBXFileReference; lastKnownFileType = sourcecode.cpp.h; path = OpenGLFrameBuffer.hpp; sourceTree = "<group>"; };
		B289E8962EB22A0F00937D0B /* OpenGLFrameBuffer.cpp */ = {isa = PBXFileReference; lastKnownFileType = sourcecode.cpp.cpp; path = OpenGLFrameBuffer.cpp; sourceTree = "<group>"; };
		B289E8972EB22A0F00937D0B /* OpenGLIndexBuffer.hpp */ = {isa = PBXFileReference; lastKnownFileType = sourcecode.cpp.h; path = OpenGLIndexBuffer.hpp; sourceTree = "<group>"; };
		B289E8982EB22A0F00937D0B /* OpenGLIndexBuffer.cpp */ = {isa = PBXFileReference; lastKnownFileType = sourcecode.cpp.cpp; path = OpenGLIndexBuffer.cpp; sourceTree = "<group>"; };
		B289E8992EB22A0F00937D0B /* OpenGLPipeline.hpp */ = {isa = PBXFileReference; lastKnownFileType = sourcecode.cpp.h; path = OpenGLPipeline.hpp; sourceTree = "<group>"; };
		B289E89A2EB22A0F00937D0B /* OpenGLPipeline.cpp */ = {isa = PBXFileReference; lastKnownFileType = sourcecode.cpp.cpp; path = OpenGLPipeline.cpp; sourceTree = "<group>"; };
		B289E8A12EB22A1F00937D0B /* OpenGLShader.hpp */ = {isa = PBXFileReference; lastKnownFileType = sourcecode.cpp.h; path = OpenGLShader.hpp; sourceTree = "<group>"; };
		B289E8A22EB22A1F00937D0B /* OpenGLShader.cpp */ = {isa = PBXFileReference; lastKnownFileType = sourcecode.cpp.cpp; path = OpenGLShader.cpp; sourceTree = "<group>"; };
		B289E8A32EB22A1F00937D0B /* OpenGLShaderUniforms.hpp */ = {isa = PBXFileReference; lastKnownFileType = sourcecode.cpp.h; path = OpenGLShaderUniforms.hpp; sourceTree = "<group>"; };
		B289E8A42EB22A1F00937D0B /* OpenGLShaderUniforms.cpp */ = {isa = PBXFileReference; lastKnownFileType = sourcecode.cpp.cpp; path = OpenGLShaderUniforms.cpp; sourceTree = "<group>"; };
		B289E8A52EB22A1F00937D0B /* OpenGLSpecification.hpp */ = {isa = PBXFileReference; lastKnownFileType = sourcecode.cpp.h; path = OpenGLSpecification.hpp; sourceTree = "<group>"; };
		B289E8A62EB22A1F00937D0B /* OpenGLSpecification.cpp */ = {isa = PBXFileReference; lastKnownFileType = sourcecode.cpp.cpp; path = OpenGLSpecification.cpp; sourceTree = "<group>"; };
		B289E8A72EB22A1F00937D0B /* OpenGLTexture.hpp */ = {isa = PBXFileReference; lastKnownFileType = sourcecode.cpp.h; path = OpenGLTexture.hpp; sourceTree = "<group>"; };
		B289E8A82EB22A1F00937D0B /* OpenGLTexture.cpp */ = {isa = PBXFileReference; lastKnownFileType = sourcecode.cpp.cpp; path = OpenGLTexture.cpp; sourceTree = "<group>"; };
		B289E8A92EB22A1F00937D0B /* OpenGLVertexBuffer.hpp */ = {isa = PBXFileReference; lastKnownFileType = sourcecode.cpp.h; path = OpenGLVertexBuffer.hpp; sourceTree = "<group>"; };
		B289E8AA2EB22A1F00937D0B /* OpenGLVertexBuffer.cpp */ = {isa = PBXFileReference; lastKnownFileType = sourcecode.cpp.cpp; path = OpenGLVertexBuffer.cpp; sourceTree = "<group>"; };
		B289E8B52EB22A3E00937D0B /* RendererStats.hpp */ = {isa = PBXFileReference; lastKnownFileType = sourcecode.cpp.h; path = RendererStats.hpp; sourceTree = "<group>"; };
		B289E8B62EB22A3E00937D0B /* RendererStats.cpp */ = {isa = PBXFileReference; lastKnownFileType = sourcecode.cpp.cpp; path = RendererStats.cpp; sourceTree = "<group>"; };
		B289E9092EB22B0A00937D0B /* UI.xcodeproj */ = {isa = PBXFileReference; lastKnownFileType = "wrapper.pb-project"; name = UI.xcodeproj; path = UI/UI.xcodeproj; sourceTree = "<group>"; };
		B289EABB2EB22C9400937D0B /* RendererCommandQueue.hpp */ = {isa = PBXFileReference; lastKnownFileType = sourcecode.cpp.h; path = RendererCommandQueue.hpp; sourceTree = "<group>"; };
		B289EABC2EB22C9400937D0B /* RendererCommandQueue.cpp */ = {isa = PBXFileReference; lastKnownFileType = sourcecode.cpp.cpp; path = RendererCommandQueue.cpp; sourceTree = "<group>"; };
		B289EACD2EB22E4F00937D0B /* FileSystemUtils.hpp */ = {isa = PBXFileReference; lastKnownFileType = sourcecode.cpp.h; path = FileSystemUtils.hpp; sourceTree = "<group>"; };
		B289EACE2EB22E4F00937D0B /* MathUtils.hpp */ = {isa = PBXFileReference; lastKnownFileType = sourcecode.cpp.h; path = MathUtils.hpp; sourceTree = "<group>"; };
		B289EACF2EB22E4F00937D0B /* StringUtils.hpp */ = {isa = PBXFileReference; lastKnownFileType = sourcecode.cpp.h; path = StringUtils.hpp; sourceTree = "<group>"; };
		B289EAD02EB22E4F00937D0B /* YAMLUtils.hpp */ = {isa = PBXFileReference; lastKnownFileType = sourcecode.cpp.h; path = YAMLUtils.hpp; sourceTree = "<group>"; };
		B289EAD52EB22E6200937D0B /* FileSystemUtils.cpp */ = {isa = PBXFileReference; lastKnownFileType = sourcecode.cpp.cpp; path = FileSystemUtils.cpp; sourceTree = "<group>"; };
		B289EAD62EB22E6200937D0B /* MathUtils.cpp */ = {isa = PBXFileReference; lastKnownFileType = sourcecode.cpp.cpp; path = MathUtils.cpp; sourceTree = "<group>"; };
		B289EAD72EB22E6200937D0B /* StringUtils.cpp */ = {isa = PBXFileReference; lastKnownFileType = sourcecode.cpp.cpp; path = StringUtils.cpp; sourceTree = "<group>"; };
		B289EAF22EB22EBD00937D0B /* YAML.xcodeproj */ = {isa = PBXFileReference; lastKnownFileType = "wrapper.pb-project"; name = YAML.xcodeproj; path = YAML/YAML.xcodeproj; sourceTree = "<group>"; };
		B289EDD52EB231BB00937D0B /* stb_image.xcodeproj */ = {isa = PBXFileReference; lastKnownFileType = "wrapper.pb-project"; name = stb_image.xcodeproj; path = stb_image/stb_image.xcodeproj; sourceTree = "<group>"; };
		B289EDE32EB232B300937D0B /* ImGuiLayer.hpp */ = {isa = PBXFileReference; lastKnownFileType = sourcecode.cpp.h; path = ImGuiLayer.hpp; sourceTree = "<group>"; };
		B289EDE42EB232B300937D0B /* ImGuiLayer.cpp */ = {isa = PBXFileReference; lastKnownFileType = sourcecode.cpp.cpp; path = ImGuiLayer.cpp; sourceTree = "<group>"; };
/* End PBXFileReference section */

/* Begin PBXFrameworksBuildPhase section */
		B289E63B2EB0E13B00937D0B /* Frameworks */ = {
			isa = PBXFrameworksBuildPhase;
			buildActionMask = 2147483647;
			files = (
				B289EDE02EB231ED00937D0B /* libstb_image.a in Frameworks */,
				B289EDB82EB2314A00937D0B /* libYAML.a in Frameworks */,
				B289EDB72EB2314300937D0B /* libUI.a in Frameworks */,
				B289E8642EB1B24F00937D0B /* libGlad.a in Frameworks */,
				B289E8192EB1AA4E00937D0B /* libGLFW.a in Frameworks */,
			);
			runOnlyForDeploymentPostprocessing = 0;
		};
/* End PBXFrameworksBuildPhase section */

/* Begin PBXGroup section */
		B289E6342EB0E13B00937D0B = {
			isa = PBXGroup;
			children = (
				B289E64B2EB0E14800937D0B /* PrefixHeader.pch */,
				B289E64C2EB0E17D00937D0B /* include */,
				B289E64D2EB0E18400937D0B /* src */,
				B289E6752EB0E5EC00937D0B /* vendors */,
				B289E8182EB1AA4E00937D0B /* Frameworks */,
				B289E63E2EB0E13B00937D0B /* Products */,
			);
			sourceTree = "<group>";
		};
		B289E63E2EB0E13B00937D0B /* Products */ = {
			isa = PBXGroup;
			children = (
				B289E63D2EB0E13B00937D0B /* libKanViz.a */,
			);
			name = Products;
			sourceTree = "<group>";
		};
		B289E64C2EB0E17D00937D0B /* include */ = {
			isa = PBXGroup;
			children = (
				B289E66C2EB0E44900937D0B /* KanVizHeader.h */,
				B289EAC32EB22E3000937D0B /* Utils */,
				B289E6662EB0E41300937D0B /* Base */,
				B289E6762EB0E66600937D0B /* Debug */,
				B289E6AF2EB1219C00937D0B /* Core */,
				B289E81A2EB1AB1500937D0B /* Renderer */,
				B289EDE12EB2329100937D0B /* UI */,
			);
			path = include;
			sourceTree = "<group>";
		};
		B289E64D2EB0E18400937D0B /* src */ = {
			isa = PBXGroup;
			children = (
				B289EACC2EB22E3400937D0B /* Utils */,
				B289E6672EB0E42400937D0B /* Base */,
				B289E6772EB0E66A00937D0B /* Debug */,
				B289E6B02EB121A900937D0B /* Core */,
				B289E81B2EB1AB1900937D0B /* Renderer */,
				B289E6E72EB1A8E100937D0B /* Platform */,
				B289EDE22EB2329B00937D0B /* UI */,
			);
			path = src;
			sourceTree = "<group>";
		};
		B289E6662EB0E41300937D0B /* Base */ = {
			isa = PBXGroup;
			children = (
				B289E6682EB0E43D00937D0B /* KanVizCore.hpp */,
				B289E6732EB0E53200937D0B /* Configuration.h */,
				B289E6962EB112CD00937D0B /* AssertAPI.h */,
				B289E8712EB1B34F00937D0B /* DesignHelper.h */,
				B289E88F2EB228B100937D0B /* Buffer.hpp */,
			);
			path = Base;
			sourceTree = "<group>";
		};
		B289E6672EB0E42400937D0B /* Base */ = {
			isa = PBXGroup;
			children = (
				B289E6692EB0E43D00937D0B /* KanVizCore.cpp */,
				B289E8902EB228B100937D0B /* Buffer.cpp */,
			);
			path = Base;
			sourceTree = "<group>";
		};
		B289E6752EB0E5EC00937D0B /* vendors */ = {
			isa = PBXGroup;
			children = (
				B289EDD52EB231BB00937D0B /* stb_image.xcodeproj */,
				B289EAF22EB22EBD00937D0B /* YAML.xcodeproj */,
				B289E9092EB22B0A00937D0B /* UI.xcodeproj */,
				B289E8542EB1B06400937D0B /* Glad.xcodeproj */,
				B289E7042EB1A9A900937D0B /* GLFW.xcodeproj */,
			);
			path = vendors;
			sourceTree = "<group>";
		};
		B289E6762EB0E66600937D0B /* Debug */ = {
			isa = PBXGroup;
			children = (
				B289E6982EB1137700937D0B /* Profiler */,
				B289E6782EB1097100937D0B /* Logger.hpp */,
				B289E67C2EB10AB600937D0B /* LoggerSpecification.hpp */,
				B289E6822EB10C1200937D0B /* LoggerSpecificationBuilder.hpp */,
				B289E6922EB111F300937D0B /* LoggerAPI.h */,
			);
			path = Debug;
			sourceTree = "<group>";
		};
		B289E6772EB0E66A00937D0B /* Debug */ = {
			isa = PBXGroup;
			children = (
				B289E6992EB1138000937D0B /* Profiler */,
				B289E6792EB1097100937D0B /* Logger.cpp */,
				B289E6802EB10AC400937D0B /* LoggerSpecification.cpp */,
				B289E6832EB10C1200937D0B /* LoggerSpecificationBuilder.cpp */,
			);
			path = Debug;
			sourceTree = "<group>";
		};
		B289E6982EB1137700937D0B /* Profiler */ = {
			isa = PBXGroup;
			children = (
				B289E69A2EB1138E00937D0B /* Timer.hpp */,
				B289E69E2EB113C300937D0B /* Profiler.hpp */,
				B289E6A22EB1147600937D0B /* ScopedProfiler.hpp */,
				B289E6A62EB114AF00937D0B /* PerformanceProfiler.hpp */,
				B289E6AA2EB1154000937D0B /* ScopedPerformanceProfiler.hpp */,
			);
			path = Profiler;
			sourceTree = "<group>";
		};
		B289E6992EB1138000937D0B /* Profiler */ = {
			isa = PBXGroup;
			children = (
				B289E69B2EB1138E00937D0B /* Timer.cpp */,
				B289E69F2EB113C300937D0B /* Profiler.cpp */,
				B289E6A32EB1147600937D0B /* ScopedProfiler.cpp */,
				B289E6A72EB114AF00937D0B /* PerformanceProfiler.cpp */,
				B289E6AB2EB1154000937D0B /* ScopedPerformanceProfiler.cpp */,
			);
			path = Profiler;
			sourceTree = "<group>";
		};
		B289E6AF2EB1219C00937D0B /* Core */ = {
			isa = PBXGroup;
			children = (
				B289E6C52EB1229800937D0B /* Event */,
				B289E6CF2EB1A44000937D0B /* Application.hpp */,
				B289E6D52EB1A68000937D0B /* ApplicationFactory.hpp */,
				B289E6D32EB1A4C800937D0B /* ApplicationSpecification.h */,
				B289E6C62EB1229800937D0B /* KeyCodes.h */,
				B289E6C72EB1229800937D0B /* MouseButtonCodes.h */,
				B289E6C82EB122C200937D0B /* TimeStep.hpp */,
				B289E6DD2EB1A78600937D0B /* WindowSpecification.h */,
				B289E6DF2EB1A81500937D0B /* Window.hpp */,
				B289E6E32EB1A81D00937D0B /* WindowFactory.hpp */,
				B289E8652EB1B2C100937D0B /* Layer.hpp */,
				B289E8692EB1B2FE00937D0B /* LayerStack.hpp */,
			);
			path = Core;
			sourceTree = "<group>";
		};
		B289E6B02EB121A900937D0B /* Core */ = {
			isa = PBXGroup;
			children = (
				B289E6D02EB1A44000937D0B /* Application.cpp */,
				B289E6C92EB122C200937D0B /* TimeStep.cpp */,
				B289E6E42EB1A81D00937D0B /* WindowFactory.cpp */,
				B289E86A2EB1B2FE00937D0B /* LayerStack.cpp */,
			);
			path = Core;
			sourceTree = "<group>";
		};
		B289E6C52EB1229800937D0B /* Event */ = {
			isa = PBXGroup;
			children = (
				B289E6C02EB1229800937D0B /* ApplicationEvents.h */,
				B289E6C22EB1229800937D0B /* Events.h */,
				B289E6C32EB1229800937D0B /* KeyboardEvents.h */,
				B289E6C42EB1229800937D0B /* MouseEvents.h */,
			);
			path = Event;
			sourceTree = "<group>";
		};
		B289E6E72EB1A8E100937D0B /* Platform */ = {
			isa = PBXGroup;
			children = (
				B289E8342EB1B03500937D0B /* OpenGL */,
				B289E6E82EB1A8EE00937D0B /* MacOS */,
			);
			path = Platform;
			sourceTree = "<group>";
		};
		B289E6E82EB1A8EE00937D0B /* MacOS */ = {
			isa = PBXGroup;
			children = (
				B289E6E92EB1A8F700937D0B /* MacWindiow.hpp */,
				B289E6EA2EB1A8F700937D0B /* MacWindiow.cpp */,
			);
			path = MacOS;
			sourceTree = "<group>";
		};
		B289E7052EB1A9A900937D0B /* Products */ = {
			isa = PBXGroup;
			children = (
				B289E7092EB1A9A900937D0B /* libGLFW.a */,
			);
			name = Products;
			sourceTree = "<group>";
		};
		B289E8182EB1AA4E00937D0B /* Frameworks */ = {
			isa = PBXGroup;
			children = (
			);
			name = Frameworks;
			sourceTree = "<group>";
		};
		B289E81A2EB1AB1500937D0B /* Renderer */ = {
			isa = PBXGroup;
			children = (
				B289E81C2EB1AB2700937D0B /* Core */,
				B289E8262EB1AFE400937D0B /* Graphics */,
			);
			path = Renderer;
			sourceTree = "<group>";
		};
		B289E81B2EB1AB1900937D0B /* Renderer */ = {
			isa = PBXGroup;
			children = (
				B289E81D2EB1AB2F00937D0B /* Core */,
				B289E8272EB1AFEC00937D0B /* Graphics */,
			);
			path = Renderer;
			sourceTree = "<group>";
		};
		B289E81C2EB1AB2700937D0B /* Core */ = {
			isa = PBXGroup;
			children = (
				B289E81E2EB1AB3800937D0B /* RendererType.hpp */,
				B289E8222EB1AEA100937D0B /* Renderer.hpp */,
				B289E8B52EB22A3E00937D0B /* RendererStats.hpp */,
				B289EABB2EB22C9400937D0B /* RendererCommandQueue.hpp */,
			);
			path = Core;
			sourceTree = "<group>";
		};
		B289E81D2EB1AB2F00937D0B /* Core */ = {
			isa = PBXGroup;
			children = (
				B289E81F2EB1AB3800937D0B /* RendererType.cpp */,
				B289E8B62EB22A3E00937D0B /* RendererStats.cpp */,
				B289E8232EB1AEA100937D0B /* Renderer.cpp */,
				B289EABC2EB22C9400937D0B /* RendererCommandQueue.cpp */,
			);
			path = Core;
			sourceTree = "<group>";
		};
		B289E8262EB1AFE400937D0B /* Graphics */ = {
			isa = PBXGroup;
			children = (
				B289E8282EB1B00D00937D0B /* Factories.hpp */,
				B289E82C2EB1B01D00937D0B /* RendererContext.hpp */,
				B289E8302EB1B02500937D0B /* RendererAPI.hpp */,
				B289E8732EB2284400937D0B /* BufferLayout.hpp */,
				B289E8752EB2284A00937D0B /* FrameBuffer.hpp */,
				B289E8762EB2284A00937D0B /* IndexBuffer.hpp */,
				B289E8772EB2284A00937D0B /* Pipeline.hpp */,
				B289E87B2EB2285200937D0B /* Shader.hpp */,
				B289E87C2EB2285200937D0B /* ShaderLibrary.hpp */,
				B289E87D2EB2285200937D0B /* ShaderUniforms.hpp */,
				B289E87E2EB2285200937D0B /* Specifications.h */,
				B289E87F2EB2285200937D0B /* Texture.hpp */,
				B289E8802EB2285200937D0B /* VertexBuffer.hpp */,
			);
			path = Graphics;
			sourceTree = "<group>";
		};
		B289E8272EB1AFEC00937D0B /* Graphics */ = {
			isa = PBXGroup;
			children = (
				B289E8292EB1B00D00937D0B /* Factories.cpp */,
				B289E8872EB2287800937D0B /* BufferLayout.cpp */,
				B289E8882EB2287800937D0B /* Shader.cpp */,
				B289E8892EB2287800937D0B /* ShaderLibrary.cpp */,
				B289E88A2EB2287800937D0B /* ShaderUniforms.cpp */,
			);
			path = Graphics;
			sourceTree = "<group>";
		};
		B289E8342EB1B03500937D0B /* OpenGL */ = {
			isa = PBXGroup;
			children = (
				B289E8352EB1B04100937D0B /* OpenGLRendererContext.hpp */,
				B289E8362EB1B04100937D0B /* OpenGLRendererContext.cpp */,
				B289E8392EB1B04B00937D0B /* OpenGLRendererAPI.hpp */,
				B289E83A2EB1B04B00937D0B /* OpenGLRendererAPI.cpp */,
				B289E8952EB22A0F00937D0B /* OpenGLFrameBuffer.hpp */,
				B289E8962EB22A0F00937D0B /* OpenGLFrameBuffer.cpp */,
				B289E8972EB22A0F00937D0B /* OpenGLIndexBuffer.hpp */,
				B289E8982EB22A0F00937D0B /* OpenGLIndexBuffer.cpp */,
				B289E8992EB22A0F00937D0B /* OpenGLPipeline.hpp */,
				B289E89A2EB22A0F00937D0B /* OpenGLPipeline.cpp */,
				B289E8A12EB22A1F00937D0B /* OpenGLShader.hpp */,
				B289E8A22EB22A1F00937D0B /* OpenGLShader.cpp */,
				B289E8A32EB22A1F00937D0B /* OpenGLShaderUniforms.hpp */,
				B289E8A42EB22A1F00937D0B /* OpenGLShaderUniforms.cpp */,
				B289E8A52EB22A1F00937D0B /* OpenGLSpecification.hpp */,
				B289E8A62EB22A1F00937D0B /* OpenGLSpecification.cpp */,
				B289E8A72EB22A1F00937D0B /* OpenGLTexture.hpp */,
				B289E8A82EB22A1F00937D0B /* OpenGLTexture.cpp */,
				B289E8A92EB22A1F00937D0B /* OpenGLVertexBuffer.hpp */,
				B289E8AA2EB22A1F00937D0B /* OpenGLVertexBuffer.cpp */,
			);
			path = OpenGL;
			sourceTree = "<group>";
		};
		B289E8552EB1B06400937D0B /* Products */ = {
			isa = PBXGroup;
			children = (
				B289E8592EB1B06500937D0B /* libGlad.a */,
			);
			name = Products;
			sourceTree = "<group>";
		};
		B289E90A2EB22B0A00937D0B /* Products */ = {
			isa = PBXGroup;
			children = (
				B289EACB2EB22E3000937D0B /* libUI.a */,
			);
			name = Products;
			sourceTree = "<group>";
		};
		B289EAC32EB22E3000937D0B /* Utils */ = {
			isa = PBXGroup;
			children = (
				B289EACD2EB22E4F00937D0B /* FileSystemUtils.hpp */,
				B289EACE2EB22E4F00937D0B /* MathUtils.hpp */,
				B289EACF2EB22E4F00937D0B /* StringUtils.hpp */,
				B289EAD02EB22E4F00937D0B /* YAMLUtils.hpp */,
			);
			path = Utils;
			sourceTree = "<group>";
		};
		B289EACC2EB22E3400937D0B /* Utils */ = {
			isa = PBXGroup;
			children = (
				B289EAD52EB22E6200937D0B /* FileSystemUtils.cpp */,
				B289EAD62EB22E6200937D0B /* MathUtils.cpp */,
				B289EAD72EB22E6200937D0B /* StringUtils.cpp */,
			);
			path = Utils;
			sourceTree = "<group>";
		};
		B289EAF32EB22EBD00937D0B /* Products */ = {
			isa = PBXGroup;
			children = (
				B289EAF72EB22EBD00937D0B /* libYAML.a */,
			);
			name = Products;
			sourceTree = "<group>";
		};
		B289EDD62EB231BB00937D0B /* Products */ = {
			isa = PBXGroup;
			children = (
				B289EDDA2EB231BB00937D0B /* libstb_image.a */,
			);
			name = Products;
			sourceTree = "<group>";
		};
		B289EDE12EB2329100937D0B /* UI */ = {
			isa = PBXGroup;
			children = (
				B289EDE32EB232B300937D0B /* ImGuiLayer.hpp */,
			);
			path = UI;
			sourceTree = "<group>";
		};
		B289EDE22EB2329B00937D0B /* UI */ = {
			isa = PBXGroup;
			children = (
				B289EDE42EB232B300937D0B /* ImGuiLayer.cpp */,
			);
			path = UI;
			sourceTree = "<group>";
		};
/* End PBXGroup section */

/* Begin PBXHeadersBuildPhase section */
		B289E6392EB0E13B00937D0B /* Headers */ = {
			isa = PBXHeadersBuildPhase;
			buildActionMask = 2147483647;
			files = (
				B289E69C2EB1138E00937D0B /* Timer.hpp in Headers */,
				B289E8202EB1AB3800937D0B /* RendererType.hpp in Headers */,
				B289E6842EB10C1200937D0B /* LoggerSpecificationBuilder.hpp in Headers */,
				B289E6AC2EB1154000937D0B /* ScopedPerformanceProfiler.hpp in Headers */,
				B289E6A82EB114AF00937D0B /* PerformanceProfiler.hpp in Headers */,
				B289E82F2EB1B01D00937D0B /* RendererContext.hpp in Headers */,
				B289E6972EB112CD00937D0B /* AssertAPI.h in Headers */,
				B289E6A42EB1147600937D0B /* ScopedProfiler.hpp in Headers */,
				B289E8722EB1B34F00937D0B /* DesignHelper.h in Headers */,
				B289E6EB2EB1A8F700937D0B /* MacWindiow.hpp in Headers */,
				B289E6CA2EB122C200937D0B /* TimeStep.hpp in Headers */,
				B289E6D42EB1A4C800937D0B /* ApplicationSpecification.h in Headers */,
				B289E6D72EB1A68000937D0B /* ApplicationFactory.hpp in Headers */,
				B289E6E62EB1A81D00937D0B /* WindowFactory.hpp in Headers */,
				B289E6932EB111F300937D0B /* LoggerAPI.h in Headers */,
				B289E66A2EB0E43D00937D0B /* KanVizCore.hpp in Headers */,
				B289E8AB2EB22A1F00937D0B /* OpenGLShader.hpp in Headers */,
				B289E8AC2EB22A1F00937D0B /* OpenGLTexture.hpp in Headers */,
				B289E8AD2EB22A1F00937D0B /* OpenGLSpecification.hpp in Headers */,
				B289E8AE2EB22A1F00937D0B /* OpenGLVertexBuffer.hpp in Headers */,
				B289EDE52EB232B300937D0B /* ImGuiLayer.hpp in Headers */,
				B289EAD12EB22E4F00937D0B /* MathUtils.hpp in Headers */,
				B289EAD22EB22E4F00937D0B /* FileSystemUtils.hpp in Headers */,
				B289EAD32EB22E4F00937D0B /* StringUtils.hpp in Headers */,
				B289EAD42EB22E4F00937D0B /* YAMLUtils.hpp in Headers */,
				B289E8AF2EB22A1F00937D0B /* OpenGLShaderUniforms.hpp in Headers */,
				B289EABE2EB22C9400937D0B /* RendererCommandQueue.hpp in Headers */,
				B289E8742EB2284400937D0B /* BufferLayout.hpp in Headers */,
				B289E6742EB0E53200937D0B /* Configuration.h in Headers */,
				B289E8912EB228B100937D0B /* Buffer.hpp in Headers */,
				B289E6A02EB113C300937D0B /* Profiler.hpp in Headers */,
				B289E8322EB1B02500937D0B /* RendererAPI.hpp in Headers */,
				B289E8812EB2285200937D0B /* ShaderUniforms.hpp in Headers */,
				B289E8822EB2285200937D0B /* Specifications.h in Headers */,
				B289E8832EB2285200937D0B /* Texture.hpp in Headers */,
				B289E8842EB2285200937D0B /* ShaderLibrary.hpp in Headers */,
				B289E8852EB2285200937D0B /* VertexBuffer.hpp in Headers */,
				B289E8862EB2285200937D0B /* Shader.hpp in Headers */,
				B289E8382EB1B04100937D0B /* OpenGLRendererContext.hpp in Headers */,
				B289E8B82EB22A3E00937D0B /* RendererStats.hpp in Headers */,
				B289E89B2EB22A0F00937D0B /* OpenGLPipeline.hpp in Headers */,
				B289E89C2EB22A0F00937D0B /* OpenGLFrameBuffer.hpp in Headers */,
				B289E89D2EB22A0F00937D0B /* OpenGLIndexBuffer.hpp in Headers */,
				B289E6D12EB1A44000937D0B /* Application.hpp in Headers */,
				B289E6E12EB1A81500937D0B /* Window.hpp in Headers */,
				B289E82A2EB1B00D00937D0B /* Factories.hpp in Headers */,
				B289E67E2EB10AB600937D0B /* LoggerSpecification.hpp in Headers */,
				B289E8782EB2284A00937D0B /* IndexBuffer.hpp in Headers */,
				B289E8792EB2284A00937D0B /* Pipeline.hpp in Headers */,
				B289E87A2EB2284A00937D0B /* FrameBuffer.hpp in Headers */,
				B289E8252EB1AEA100937D0B /* Renderer.hpp in Headers */,
				B289E8682EB1B2C100937D0B /* Layer.hpp in Headers */,
				B289E67A2EB1097100937D0B /* Logger.hpp in Headers */,
				B289E83B2EB1B04B00937D0B /* OpenGLRendererAPI.hpp in Headers */,
				B289E86B2EB1B2FE00937D0B /* LayerStack.hpp in Headers */,
				B289E6DE2EB1A78600937D0B /* WindowSpecification.h in Headers */,
			);
			runOnlyForDeploymentPostprocessing = 0;
		};
/* End PBXHeadersBuildPhase section */

/* Begin PBXNativeTarget section */
		B289E63C2EB0E13B00937D0B /* KanViz */ = {
			isa = PBXNativeTarget;
			buildConfigurationList = B289E6482EB0E13B00937D0B /* Build configuration list for PBXNativeTarget "KanViz" */;
			buildPhases = (
				B289E6392EB0E13B00937D0B /* Headers */,
				B289E63A2EB0E13B00937D0B /* Sources */,
				B289E63B2EB0E13B00937D0B /* Frameworks */,
			);
			buildRules = (
			);
			dependencies = (
			);
			name = KanViz;
			packageProductDependencies = (
			);
			productName = KanViz;
			productReference = B289E63D2EB0E13B00937D0B /* libKanViz.a */;
			productType = "com.apple.product-type.library.static";
		};
/* End PBXNativeTarget section */

/* Begin PBXProject section */
		B289E6352EB0E13B00937D0B /* Project object */ = {
			isa = PBXProject;
			attributes = {
				BuildIndependentTargetsInParallel = 1;
				LastUpgradeCheck = 1640;
				TargetAttributes = {
					B289E63C2EB0E13B00937D0B = {
						CreatedOnToolsVersion = 16.4;
					};
				};
			};
			buildConfigurationList = B289E6382EB0E13B00937D0B /* Build configuration list for PBXProject "KanViz" */;
			developmentRegion = en;
			hasScannedForEncodings = 0;
			knownRegions = (
				en,
				Base,
			);
			mainGroup = B289E6342EB0E13B00937D0B;
			minimizedProjectReferenceProxies = 1;
			preferredProjectObjectVersion = 77;
			productRefGroup = B289E63E2EB0E13B00937D0B /* Products */;
			projectDirPath = "";
			projectReferences = (
				{
					ProductGroup = B289E8552EB1B06400937D0B /* Products */;
					ProjectRef = B289E8542EB1B06400937D0B /* Glad.xcodeproj */;
				},
				{
					ProductGroup = B289E7052EB1A9A900937D0B /* Products */;
					ProjectRef = B289E7042EB1A9A900937D0B /* GLFW.xcodeproj */;
				},
				{
					ProductGroup = B289EDD62EB231BB00937D0B /* Products */;
					ProjectRef = B289EDD52EB231BB00937D0B /* stb_image.xcodeproj */;
				},
				{
					ProductGroup = B289E90A2EB22B0A00937D0B /* Products */;
					ProjectRef = B289E9092EB22B0A00937D0B /* UI.xcodeproj */;
				},
				{
					ProductGroup = B289EAF32EB22EBD00937D0B /* Products */;
					ProjectRef = B289EAF22EB22EBD00937D0B /* YAML.xcodeproj */;
				},
			);
			projectRoot = "";
			targets = (
				B289E63C2EB0E13B00937D0B /* KanViz */,
			);
		};
/* End PBXProject section */

/* Begin PBXReferenceProxy section */
		B289E7092EB1A9A900937D0B /* libGLFW.a */ = {
			isa = PBXReferenceProxy;
			fileType = archive.ar;
			path = libGLFW.a;
			remoteRef = B289E7082EB1A9A900937D0B /* PBXContainerItemProxy */;
			sourceTree = BUILT_PRODUCTS_DIR;
		};
		B289E8592EB1B06500937D0B /* libGlad.a */ = {
			isa = PBXReferenceProxy;
			fileType = archive.ar;
			path = libGlad.a;
			remoteRef = B289E8582EB1B06500937D0B /* PBXContainerItemProxy */;
			sourceTree = BUILT_PRODUCTS_DIR;
		};
		B289EACB2EB22E3000937D0B /* libUI.a */ = {
			isa = PBXReferenceProxy;
			fileType = archive.ar;
			path = libUI.a;
			remoteRef = B289EACA2EB22E3000937D0B /* PBXContainerItemProxy */;
			sourceTree = BUILT_PRODUCTS_DIR;
		};
		B289EAF72EB22EBD00937D0B /* libYAML.a */ = {
			isa = PBXReferenceProxy;
			fileType = archive.ar;
			path = libYAML.a;
			remoteRef = B289EAF62EB22EBD00937D0B /* PBXContainerItemProxy */;
			sourceTree = BUILT_PRODUCTS_DIR;
		};
		B289EDDA2EB231BB00937D0B /* libstb_image.a */ = {
			isa = PBXReferenceProxy;
			fileType = archive.ar;
			path = libstb_image.a;
			remoteRef = B289EDD92EB231BB00937D0B /* PBXContainerItemProxy */;
			sourceTree = BUILT_PRODUCTS_DIR;
		};
/* End PBXReferenceProxy section */

/* Begin PBXSourcesBuildPhase section */
		B289E63A2EB0E13B00937D0B /* Sources */ = {
			isa = PBXSourcesBuildPhase;
			buildActionMask = 2147483647;
			files = (
				B289E89E2EB22A0F00937D0B /* OpenGLFrameBuffer.cpp in Sources */,
				B289E89F2EB22A0F00937D0B /* OpenGLPipeline.cpp in Sources */,
				B289E8A02EB22A0F00937D0B /* OpenGLIndexBuffer.cpp in Sources */,
				B289E8B02EB22A1F00937D0B /* OpenGLShaderUniforms.cpp in Sources */,
				B289E8B12EB22A1F00937D0B /* OpenGLSpecification.cpp in Sources */,
				B289E8B22EB22A1F00937D0B /* OpenGLShader.cpp in Sources */,
				B289E8B32EB22A1F00937D0B /* OpenGLVertexBuffer.cpp in Sources */,
				B289E8B42EB22A1F00937D0B /* OpenGLTexture.cpp in Sources */,
				B289E6A52EB1147600937D0B /* ScopedProfiler.cpp in Sources */,
				B289E6812EB10AC400937D0B /* LoggerSpecification.cpp in Sources */,
				B289E8372EB1B04100937D0B /* OpenGLRendererContext.cpp in Sources */,
				B289E6D22EB1A44000937D0B /* Application.cpp in Sources */,
				B289E66B2EB0E43D00937D0B /* KanVizCore.cpp in Sources */,
				B289E86C2EB1B2FE00937D0B /* LayerStack.cpp in Sources */,
				B289EABD2EB22C9400937D0B /* RendererCommandQueue.cpp in Sources */,
				B289E8212EB1AB3800937D0B /* RendererType.cpp in Sources */,
				B289E6A12EB113C300937D0B /* Profiler.cpp in Sources */,
				B289E8242EB1AEA100937D0B /* Renderer.cpp in Sources */,
				B289EAD82EB22E6200937D0B /* MathUtils.cpp in Sources */,
				B289EAD92EB22E6200937D0B /* StringUtils.cpp in Sources */,
				B289EADA2EB22E6200937D0B /* FileSystemUtils.cpp in Sources */,
				B289E67B2EB1097100937D0B /* Logger.cpp in Sources */,
				B289E6A92EB114AF00937D0B /* PerformanceProfiler.cpp in Sources */,
				B289E69D2EB1138E00937D0B /* Timer.cpp in Sources */,
				B289E6852EB10C1200937D0B /* LoggerSpecificationBuilder.cpp in Sources */,
				B289E8922EB228B100937D0B /* Buffer.cpp in Sources */,
				B289E6EC2EB1A8F700937D0B /* MacWindiow.cpp in Sources */,
				B289E88B2EB2287800937D0B /* BufferLayout.cpp in Sources */,
				B289E88C2EB2287800937D0B /* Shader.cpp in Sources */,
				B289EDE62EB232B300937D0B /* ImGuiLayer.cpp in Sources */,
				B289E88D2EB2287800937D0B /* ShaderLibrary.cpp in Sources */,
				B289E88E2EB2287800937D0B /* ShaderUniforms.cpp in Sources */,
				B289E8B72EB22A3E00937D0B /* RendererStats.cpp in Sources */,
				B289E6CB2EB122C200937D0B /* TimeStep.cpp in Sources */,
				B289E83C2EB1B04B00937D0B /* OpenGLRendererAPI.cpp in Sources */,
				B289E6E52EB1A81D00937D0B /* WindowFactory.cpp in Sources */,
				B289E82B2EB1B00D00937D0B /* Factories.cpp in Sources */,
				B289E6AD2EB1154000937D0B /* ScopedPerformanceProfiler.cpp in Sources */,
			);
			runOnlyForDeploymentPostprocessing = 0;
		};
/* End PBXSourcesBuildPhase section */

/* Begin XCBuildConfiguration section */
		B289E6462EB0E13B00937D0B /* Debug */ = {
			isa = XCBuildConfiguration;
			buildSettings = {
				ALWAYS_SEARCH_USER_PATHS = NO;
				ASSETCATALOG_COMPILER_GENERATE_SWIFT_ASSET_SYMBOL_EXTENSIONS = YES;
				CLANG_ANALYZER_NONNULL = YES;
				CLANG_ANALYZER_NUMBER_OBJECT_CONVERSION = YES_AGGRESSIVE;
				CLANG_CXX_LANGUAGE_STANDARD = "gnu++20";
				CLANG_ENABLE_MODULES = YES;
				CLANG_ENABLE_OBJC_ARC = YES;
				CLANG_ENABLE_OBJC_WEAK = YES;
				CLANG_WARN_BLOCK_CAPTURE_AUTORELEASING = YES;
				CLANG_WARN_BOOL_CONVERSION = YES;
				CLANG_WARN_COMMA = YES;
				CLANG_WARN_CONSTANT_CONVERSION = YES;
				CLANG_WARN_DEPRECATED_OBJC_IMPLEMENTATIONS = YES;
				CLANG_WARN_DIRECT_OBJC_ISA_USAGE = YES_ERROR;
				CLANG_WARN_DOCUMENTATION_COMMENTS = YES;
				CLANG_WARN_EMPTY_BODY = YES;
				CLANG_WARN_ENUM_CONVERSION = YES;
				CLANG_WARN_INFINITE_RECURSION = YES;
				CLANG_WARN_INT_CONVERSION = YES;
				CLANG_WARN_NON_LITERAL_NULL_CONVERSION = YES;
				CLANG_WARN_OBJC_IMPLICIT_RETAIN_SELF = YES;
				CLANG_WARN_OBJC_LITERAL_CONVERSION = YES;
				CLANG_WARN_OBJC_ROOT_CLASS = YES_ERROR;
				CLANG_WARN_QUOTED_INCLUDE_IN_FRAMEWORK_HEADER = YES;
				CLANG_WARN_RANGE_LOOP_ANALYSIS = YES;
				CLANG_WARN_STRICT_PROTOTYPES = YES;
				CLANG_WARN_SUSPICIOUS_MOVE = YES;
				CLANG_WARN_UNGUARDED_AVAILABILITY = YES_AGGRESSIVE;
				CLANG_WARN_UNREACHABLE_CODE = YES;
				CLANG_WARN__DUPLICATE_METHOD_MATCH = YES;
				COPY_PHASE_STRIP = NO;
				DEBUG_INFORMATION_FORMAT = dwarf;
				DEVELOPMENT_TEAM = 78KTXZ99TW;
				ENABLE_STRICT_OBJC_MSGSEND = YES;
				ENABLE_TESTABILITY = YES;
				ENABLE_USER_SCRIPT_SANDBOXING = YES;
				GCC_C_LANGUAGE_STANDARD = gnu17;
				GCC_DYNAMIC_NO_PIC = NO;
				GCC_NO_COMMON_BLOCKS = YES;
				GCC_OPTIMIZATION_LEVEL = 0;
				GCC_PREPROCESSOR_DEFINITIONS = (
					"DEBUG=1",
					"$(inherited)",
				);
				GCC_WARN_64_TO_32_BIT_CONVERSION = YES;
				GCC_WARN_ABOUT_RETURN_TYPE = YES_ERROR;
				GCC_WARN_UNDECLARED_SELECTOR = YES;
				GCC_WARN_UNINITIALIZED_AUTOS = YES_AGGRESSIVE;
				GCC_WARN_UNUSED_FUNCTION = YES;
				GCC_WARN_UNUSED_VARIABLE = YES;
				LOCALIZATION_PREFERS_STRING_CATALOGS = YES;
				MACOSX_DEPLOYMENT_TARGET = 15.5;
				MTL_ENABLE_DEBUG_INFO = INCLUDE_SOURCE;
				MTL_FAST_MATH = YES;
				ONLY_ACTIVE_ARCH = YES;
				SDKROOT = macosx;
			};
			name = Debug;
		};
		B289E6472EB0E13B00937D0B /* Release */ = {
			isa = XCBuildConfiguration;
			buildSettings = {
				ALWAYS_SEARCH_USER_PATHS = NO;
				ASSETCATALOG_COMPILER_GENERATE_SWIFT_ASSET_SYMBOL_EXTENSIONS = YES;
				CLANG_ANALYZER_NONNULL = YES;
				CLANG_ANALYZER_NUMBER_OBJECT_CONVERSION = YES_AGGRESSIVE;
				CLANG_CXX_LANGUAGE_STANDARD = "gnu++20";
				CLANG_ENABLE_MODULES = YES;
				CLANG_ENABLE_OBJC_ARC = YES;
				CLANG_ENABLE_OBJC_WEAK = YES;
				CLANG_WARN_BLOCK_CAPTURE_AUTORELEASING = YES;
				CLANG_WARN_BOOL_CONVERSION = YES;
				CLANG_WARN_COMMA = YES;
				CLANG_WARN_CONSTANT_CONVERSION = YES;
				CLANG_WARN_DEPRECATED_OBJC_IMPLEMENTATIONS = YES;
				CLANG_WARN_DIRECT_OBJC_ISA_USAGE = YES_ERROR;
				CLANG_WARN_DOCUMENTATION_COMMENTS = YES;
				CLANG_WARN_EMPTY_BODY = YES;
				CLANG_WARN_ENUM_CONVERSION = YES;
				CLANG_WARN_INFINITE_RECURSION = YES;
				CLANG_WARN_INT_CONVERSION = YES;
				CLANG_WARN_NON_LITERAL_NULL_CONVERSION = YES;
				CLANG_WARN_OBJC_IMPLICIT_RETAIN_SELF = YES;
				CLANG_WARN_OBJC_LITERAL_CONVERSION = YES;
				CLANG_WARN_OBJC_ROOT_CLASS = YES_ERROR;
				CLANG_WARN_QUOTED_INCLUDE_IN_FRAMEWORK_HEADER = YES;
				CLANG_WARN_RANGE_LOOP_ANALYSIS = YES;
				CLANG_WARN_STRICT_PROTOTYPES = YES;
				CLANG_WARN_SUSPICIOUS_MOVE = YES;
				CLANG_WARN_UNGUARDED_AVAILABILITY = YES_AGGRESSIVE;
				CLANG_WARN_UNREACHABLE_CODE = YES;
				CLANG_WARN__DUPLICATE_METHOD_MATCH = YES;
				COPY_PHASE_STRIP = NO;
				DEBUG_INFORMATION_FORMAT = "dwarf-with-dsym";
				DEVELOPMENT_TEAM = 78KTXZ99TW;
				ENABLE_NS_ASSERTIONS = NO;
				ENABLE_STRICT_OBJC_MSGSEND = YES;
				ENABLE_USER_SCRIPT_SANDBOXING = YES;
				GCC_C_LANGUAGE_STANDARD = gnu17;
				GCC_NO_COMMON_BLOCKS = YES;
				GCC_WARN_64_TO_32_BIT_CONVERSION = YES;
				GCC_WARN_ABOUT_RETURN_TYPE = YES_ERROR;
				GCC_WARN_UNDECLARED_SELECTOR = YES;
				GCC_WARN_UNINITIALIZED_AUTOS = YES_AGGRESSIVE;
				GCC_WARN_UNUSED_FUNCTION = YES;
				GCC_WARN_UNUSED_VARIABLE = YES;
				LOCALIZATION_PREFERS_STRING_CATALOGS = YES;
				MACOSX_DEPLOYMENT_TARGET = 15.5;
				MTL_ENABLE_DEBUG_INFO = NO;
				MTL_FAST_MATH = YES;
				SDKROOT = macosx;
			};
			name = Release;
		};
		B289E6492EB0E13B00937D0B /* Debug */ = {
			isa = XCBuildConfiguration;
			buildSettings = {
				CLANG_CXX_LANGUAGE_STANDARD = "c++23";
				CODE_SIGN_STYLE = Automatic;
				DEVELOPMENT_TEAM = 78KTXZ99TW;
				EXECUTABLE_PREFIX = lib;
				GCC_C_LANGUAGE_STANDARD = gnu23;
				GCC_ENABLE_CPP_EXCEPTIONS = YES;
				GCC_ENABLE_CPP_RTTI = YES;
				GCC_PRECOMPILE_PREFIX_HEADER = YES;
				GCC_PREFIX_HEADER = "${PROJECT_DIR}/PrefixHeader.pch";
				HEADER_SEARCH_PATHS = (
					"${PROJECT_DIR}/include",
					"${PROJECT_DIR}/src",
					"${PROJECT_DIR}/vendors/spd_log/include",
					"${PROJECT_DIR}/vendors/glm",
					"${PROJECT_DIR}/vendors/GLFW/GLFW/include",
					"${PROJECT_DIR}/vendors/Glad/include",
					"${PROJECT_DIR}/vendors/stb_image/stb_image",
					"${PROJECT_DIR}/vendors/UI/ImGui",
					"${PROJECT_DIR}/vendors/UI/ImGuizmo",
					"${PROJECT_DIR}/vendors/Freetype/include",
					"${PROJECT_DIR}/vendors/YAML/YAML/include",
				);
				PRODUCT_NAME = "$(TARGET_NAME)";
				SKIP_INSTALL = YES;
			};
			name = Debug;
		};
		B289E64A2EB0E13B00937D0B /* Release */ = {
			isa = XCBuildConfiguration;
			buildSettings = {
				CLANG_CXX_LANGUAGE_STANDARD = "c++23";
				CODE_SIGN_STYLE = Automatic;
				DEVELOPMENT_TEAM = 78KTXZ99TW;
				EXECUTABLE_PREFIX = lib;
				GCC_C_LANGUAGE_STANDARD = gnu23;
				GCC_ENABLE_CPP_EXCEPTIONS = YES;
				GCC_ENABLE_CPP_RTTI = YES;
				GCC_PRECOMPILE_PREFIX_HEADER = YES;
				GCC_PREFIX_HEADER = "${PROJECT_DIR}/PrefixHeader.pch";
				HEADER_SEARCH_PATHS = (
					"${PROJECT_DIR}/include",
					"${PROJECT_DIR}/src",
					"${PROJECT_DIR}/vendors/spd_log/include",
					"${PROJECT_DIR}/vendors/glm",
					"${PROJECT_DIR}/vendors/GLFW/GLFW/include",
					"${PROJECT_DIR}/vendors/Glad/include",
					"${PROJECT_DIR}/vendors/stb_image/stb_image",
					"${PROJECT_DIR}/vendors/UI/ImGui",
					"${PROJECT_DIR}/vendors/UI/ImGuizmo",
					"${PROJECT_DIR}/vendors/Freetype/include",
					"${PROJECT_DIR}/vendors/YAML/YAML/include",
				);
				PRODUCT_NAME = "$(TARGET_NAME)";
				SKIP_INSTALL = YES;
			};
			name = Release;
		};
/* End XCBuildConfiguration section */

/* Begin XCConfigurationList section */
		B289E6382EB0E13B00937D0B /* Build configuration list for PBXProject "KanViz" */ = {
			isa = XCConfigurationList;
			buildConfigurations = (
				B289E6462EB0E13B00937D0B /* Debug */,
				B289E6472EB0E13B00937D0B /* Release */,
			);
			defaultConfigurationIsVisible = 0;
			defaultConfigurationName = Release;
		};
		B289E6482EB0E13B00937D0B /* Build configuration list for PBXNativeTarget "KanViz" */ = {
			isa = XCConfigurationList;
			buildConfigurations = (
				B289E6492EB0E13B00937D0B /* Debug */,
				B289E64A2EB0E13B00937D0B /* Release */,
			);
			defaultConfigurationIsVisible = 0;
			defaultConfigurationName = Release;
		};
/* End XCConfigurationList section */
	};
	rootObject = B289E6352EB0E13B00937D0B /* Project object */;
}
