// !$*UTF8*$!
{
	archiveVersion = 1;
	classes = {
	};
	objectVersion = 77;
	objects = {

/* Begin PBXBuildFile section */
		B23D2D3C2EEED29300CCF7B2 /* StockAnalyzer.cpp in Sources */ = {isa = PBXBuildFile; fileRef = B23D2D3B2EEED29300CCF7B2 /* StockAnalyzer.cpp */; };
		B26336CB2EDF29DC00D46F96 /* UI_Font.cpp in Sources */ = {isa = PBXBuildFile; fileRef = B26336CA2EDF29DC00D46F96 /* UI_Font.cpp */; };
		B26336D32EDF2C6800D46F96 /* StockManager.cpp in Sources */ = {isa = PBXBuildFile; fileRef = B26336D22EDF2C6800D46F96 /* StockManager.cpp */; };
		B26336D62EDF2D2000D46F96 /* UI_KanVestPanel.cpp in Sources */ = {isa = PBXBuildFile; fileRef = B26336D52EDF2D2000D46F96 /* UI_KanVestPanel.cpp */; };
		B26336D92EDF304500D46F96 /* StockUtils.cpp in Sources */ = {isa = PBXBuildFile; fileRef = B26336D82EDF304500D46F96 /* StockUtils.cpp */; };
		B26336DE2EE04DDF00D46F96 /* APIProvider.cpp in Sources */ = {isa = PBXBuildFile; fileRef = B26336DD2EE04DDF00D46F96 /* APIProvider.cpp */; };
		B26336E12EE0519900D46F96 /* StockAPI.cpp in Sources */ = {isa = PBXBuildFile; fileRef = B26336E02EE0519900D46F96 /* StockAPI.cpp */; };
		B26336E42EE0559800D46F96 /* StockParser.cpp in Sources */ = {isa = PBXBuildFile; fileRef = B26336E32EE0559800D46F96 /* StockParser.cpp */; };
		B26336E72EE83CE300D46F96 /* UI_Utils.cpp in Sources */ = {isa = PBXBuildFile; fileRef = B26336E62EE83CE300D46F96 /* UI_Utils.cpp */; };
		B26336EA2EE86BB000D46F96 /* UI_Chart.cpp in Sources */ = {isa = PBXBuildFile; fileRef = B26336E92EE86BB000D46F96 /* UI_Chart.cpp */; };
		B289E6302EB0E04E00937D0B /* EntryPoint.cpp in Sources */ = {isa = PBXBuildFile; fileRef = B289E62F2EB0E04E00937D0B /* EntryPoint.cpp */; };
		B289E66F2EB0E50400937D0B /* libKanViz.a in Frameworks */ = {isa = PBXBuildFile; fileRef = B289E66E2EB0E50400937D0B /* libKanViz.a */; };
		B289E6CE2EB1A3C600937D0B /* ApplicationFactory.cpp in Sources */ = {isa = PBXBuildFile; fileRef = B289E6CD2EB1A3C600937D0B /* ApplicationFactory.cpp */; };
		B289EDE92EB2341100937D0B /* KanVestApp.cpp in Sources */ = {isa = PBXBuildFile; fileRef = B289EDE82EB2341100937D0B /* KanVestApp.cpp */; };
		B289EDEC2EB234D400937D0B /* RendererLayer.cpp in Sources */ = {isa = PBXBuildFile; fileRef = B289EDEB2EB234D400937D0B /* RendererLayer.cpp */; };
		B289EDF62EB3047400937D0B /* libcurl.tbd in Frameworks */ = {isa = PBXBuildFile; fileRef = B289EDF52EB3047400937D0B /* libcurl.tbd */; };
		B289EE332EB37F9400937D0B /* libKanVasX.a in Frameworks */ = {isa = PBXBuildFile; fileRef = B289EE322EB37F9400937D0B /* libKanVasX.a */; };
/* End PBXBuildFile section */

/* Begin PBXCopyFilesBuildPhase section */
		B289E6202EB0E01600937D0B /* CopyFiles */ = {
			isa = PBXCopyFilesBuildPhase;
			buildActionMask = 2147483647;
			dstPath = /usr/share/man/man1/;
			dstSubfolderSpec = 0;
			files = (
			);
			runOnlyForDeploymentPostprocessing = 1;
		};
/* End PBXCopyFilesBuildPhase section */

/* Begin PBXFileReference section */
		B23D2D3A2EEED29300CCF7B2 /* StockAnalyzer.hpp */ = {isa = PBXFileReference; lastKnownFileType = sourcecode.cpp.h; path = StockAnalyzer.hpp; sourceTree = "<group>"; };
		B23D2D3B2EEED29300CCF7B2 /* StockAnalyzer.cpp */ = {isa = PBXFileReference; lastKnownFileType = sourcecode.cpp.cpp; path = StockAnalyzer.cpp; sourceTree = "<group>"; };
		B26336C92EDF29DC00D46F96 /* UI_Font.hpp */ = {isa = PBXFileReference; lastKnownFileType = sourcecode.cpp.h; path = UI_Font.hpp; sourceTree = "<group>"; };
		B26336CA2EDF29DC00D46F96 /* UI_Font.cpp */ = {isa = PBXFileReference; lastKnownFileType = sourcecode.cpp.cpp; path = UI_Font.cpp; sourceTree = "<group>"; };
		B26336CE2EDF2B3900D46F96 /* StockData.hpp */ = {isa = PBXFileReference; lastKnownFileType = sourcecode.cpp.h; path = StockData.hpp; sourceTree = "<group>"; };
		B26336D12EDF2C6800D46F96 /* StockManager.hpp */ = {isa = PBXFileReference; lastKnownFileType = sourcecode.cpp.h; path = StockManager.hpp; sourceTree = "<group>"; };
		B26336D22EDF2C6800D46F96 /* StockManager.cpp */ = {isa = PBXFileReference; lastKnownFileType = sourcecode.cpp.cpp; path = StockManager.cpp; sourceTree = "<group>"; };
		B26336D42EDF2D2000D46F96 /* UI_KanVestPanel.hpp */ = {isa = PBXFileReference; lastKnownFileType = sourcecode.cpp.h; path = UI_KanVestPanel.hpp; sourceTree = "<group>"; };
		B26336D52EDF2D2000D46F96 /* UI_KanVestPanel.cpp */ = {isa = PBXFileReference; lastKnownFileType = sourcecode.cpp.cpp; path = UI_KanVestPanel.cpp; sourceTree = "<group>"; };
		B26336D72EDF304500D46F96 /* StockUtils.hpp */ = {isa = PBXFileReference; lastKnownFileType = sourcecode.cpp.h; path = StockUtils.hpp; sourceTree = "<group>"; };
		B26336D82EDF304500D46F96 /* StockUtils.cpp */ = {isa = PBXFileReference; lastKnownFileType = sourcecode.cpp.cpp; path = StockUtils.cpp; sourceTree = "<group>"; };
		B26336DC2EE04DDF00D46F96 /* APIProvider.hpp */ = {isa = PBXFileReference; lastKnownFileType = sourcecode.cpp.h; path = APIProvider.hpp; sourceTree = "<group>"; };
		B26336DD2EE04DDF00D46F96 /* APIProvider.cpp */ = {isa = PBXFileReference; lastKnownFileType = sourcecode.cpp.cpp; path = APIProvider.cpp; sourceTree = "<group>"; };
		B26336DF2EE0519900D46F96 /* StockAPI.hpp */ = {isa = PBXFileReference; lastKnownFileType = sourcecode.cpp.h; path = StockAPI.hpp; sourceTree = "<group>"; };
		B26336E02EE0519900D46F96 /* StockAPI.cpp */ = {isa = PBXFileReference; lastKnownFileType = sourcecode.cpp.cpp; path = StockAPI.cpp; sourceTree = "<group>"; };
		B26336E22EE0559800D46F96 /* StockParser.hpp */ = {isa = PBXFileReference; lastKnownFileType = sourcecode.cpp.h; path = StockParser.hpp; sourceTree = "<group>"; };
		B26336E32EE0559800D46F96 /* StockParser.cpp */ = {isa = PBXFileReference; lastKnownFileType = sourcecode.cpp.cpp; path = StockParser.cpp; sourceTree = "<group>"; };
		B26336E52EE83CE300D46F96 /* UI_Utils.hpp */ = {isa = PBXFileReference; lastKnownFileType = sourcecode.cpp.h; path = UI_Utils.hpp; sourceTree = "<group>"; };
		B26336E62EE83CE300D46F96 /* UI_Utils.cpp */ = {isa = PBXFileReference; lastKnownFileType = sourcecode.cpp.cpp; path = UI_Utils.cpp; sourceTree = "<group>"; };
		B26336E82EE86BB000D46F96 /* UI_Chart.hpp */ = {isa = PBXFileReference; lastKnownFileType = sourcecode.cpp.h; path = UI_Chart.hpp; sourceTree = "<group>"; };
		B26336E92EE86BB000D46F96 /* UI_Chart.cpp */ = {isa = PBXFileReference; lastKnownFileType = sourcecode.cpp.cpp; path = UI_Chart.cpp; sourceTree = "<group>"; };
		B289E6222EB0E01600937D0B /* KanVest */ = {isa = PBXFileReference; explicitFileType = "compiled.mach-o.executable"; includeInIndex = 0; path = KanVest; sourceTree = BUILT_PRODUCTS_DIR; };
		B289E62F2EB0E04E00937D0B /* EntryPoint.cpp */ = {isa = PBXFileReference; lastKnownFileType = sourcecode.cpp.cpp; path = EntryPoint.cpp; sourceTree = "<group>"; };
		B289E6312EB0E05C00937D0B /* PrefixHeader.pch */ = {isa = PBXFileReference; lastKnownFileType = sourcecode.c.h; path = PrefixHeader.pch; sourceTree = "<group>"; };
		B289E66E2EB0E50400937D0B /* libKanViz.a */ = {isa = PBXFileReference; explicitFileType = archive.ar; path = libKanViz.a; sourceTree = BUILT_PRODUCTS_DIR; };
		B289E6942EB1128900937D0B /* KanVest.log */ = {isa = PBXFileReference; lastKnownFileType = text; path = KanVest.log; sourceTree = "<group>"; };
		B289E6AE2EB1166200937D0B /* KanVest.profiler */ = {isa = PBXFileReference; lastKnownFileType = text; path = KanVest.profiler; sourceTree = "<group>"; };
		B289E6CC2EB1A3C600937D0B /* ApplicationFactory.hpp */ = {isa = PBXFileReference; lastKnownFileType = sourcecode.cpp.h; path = ApplicationFactory.hpp; sourceTree = "<group>"; };
		B289E6CD2EB1A3C600937D0B /* ApplicationFactory.cpp */ = {isa = PBXFileReference; lastKnownFileType = sourcecode.cpp.cpp; path = ApplicationFactory.cpp; sourceTree = "<group>"; };
		B289EDE72EB2341100937D0B /* KanVestApp.hpp */ = {isa = PBXFileReference; lastKnownFileType = sourcecode.cpp.h; path = KanVestApp.hpp; sourceTree = "<group>"; };
		B289EDE82EB2341100937D0B /* KanVestApp.cpp */ = {isa = PBXFileReference; lastKnownFileType = sourcecode.cpp.cpp; path = KanVestApp.cpp; sourceTree = "<group>"; };
		B289EDEA2EB234D400937D0B /* RendererLayer.hpp */ = {isa = PBXFileReference; lastKnownFileType = sourcecode.cpp.h; path = RendererLayer.hpp; sourceTree = "<group>"; };
		B289EDEB2EB234D400937D0B /* RendererLayer.cpp */ = {isa = PBXFileReference; lastKnownFileType = sourcecode.cpp.cpp; path = RendererLayer.cpp; sourceTree = "<group>"; };
		B289EDF52EB3047400937D0B /* libcurl.tbd */ = {isa = PBXFileReference; lastKnownFileType = "sourcecode.text-based-dylib-definition"; name = libcurl.tbd; path = usr/lib/libcurl.tbd; sourceTree = SDKROOT; };
		B289EE322EB37F9400937D0B /* libKanVasX.a */ = {isa = PBXFileReference; explicitFileType = archive.ar; path = libKanVasX.a; sourceTree = BUILT_PRODUCTS_DIR; };
/* End PBXFileReference section */

/* Begin PBXFrameworksBuildPhase section */
		B289E61F2EB0E01600937D0B /* Frameworks */ = {
			isa = PBXFrameworksBuildPhase;
			buildActionMask = 2147483647;
			files = (
				B289EE332EB37F9400937D0B /* libKanVasX.a in Frameworks */,
				B289EDF62EB3047400937D0B /* libcurl.tbd in Frameworks */,
				B289E66F2EB0E50400937D0B /* libKanViz.a in Frameworks */,
			);
			runOnlyForDeploymentPostprocessing = 0;
		};
/* End PBXFrameworksBuildPhase section */

/* Begin PBXGroup section */
		B23D2D382EEED21600CCF7B2 /* Analyzer */ = {
			isa = PBXGroup;
			children = (
				B23D2D3A2EEED29300CCF7B2 /* StockAnalyzer.hpp */,
			);
			path = Analyzer;
			sourceTree = "<group>";
		};
		B23D2D392EEED22000CCF7B2 /* Analyzer */ = {
			isa = PBXGroup;
			children = (
				B23D2D3B2EEED29300CCF7B2 /* StockAnalyzer.cpp */,
			);
			path = Analyzer;
			sourceTree = "<group>";
		};
		B26336C72EDF29CA00D46F96 /* UI */ = {
			isa = PBXGroup;
			children = (
				B26336C92EDF29DC00D46F96 /* UI_Font.hpp */,
				B26336E52EE83CE300D46F96 /* UI_Utils.hpp */,
				B26336D42EDF2D2000D46F96 /* UI_KanVestPanel.hpp */,
				B26336E82EE86BB000D46F96 /* UI_Chart.hpp */,
			);
			path = UI;
			sourceTree = "<group>";
		};
		B26336C82EDF29D000D46F96 /* UI */ = {
			isa = PBXGroup;
			children = (
				B26336CA2EDF29DC00D46F96 /* UI_Font.cpp */,
				B26336E62EE83CE300D46F96 /* UI_Utils.cpp */,
				B26336D52EDF2D2000D46F96 /* UI_KanVestPanel.cpp */,
				B26336E92EE86BB000D46F96 /* UI_Chart.cpp */,
			);
			path = UI;
			sourceTree = "<group>";
		};
		B26336CC2EDF2A7D00D46F96 /* Stock */ = {
			isa = PBXGroup;
			children = (
				B26336CE2EDF2B3900D46F96 /* StockData.hpp */,
				B26336D12EDF2C6800D46F96 /* StockManager.hpp */,
				B26336D72EDF304500D46F96 /* StockUtils.hpp */,
				B26336DF2EE0519900D46F96 /* StockAPI.hpp */,
				B26336E22EE0559800D46F96 /* StockParser.hpp */,
			);
			path = Stock;
			sourceTree = "<group>";
		};
		B26336CD2EDF2A9E00D46F96 /* Stock */ = {
			isa = PBXGroup;
			children = (
				B26336D22EDF2C6800D46F96 /* StockManager.cpp */,
				B26336D82EDF304500D46F96 /* StockUtils.cpp */,
				B26336E02EE0519900D46F96 /* StockAPI.cpp */,
				B26336E32EE0559800D46F96 /* StockParser.cpp */,
			);
			path = Stock;
			sourceTree = "<group>";
		};
		B26336DA2EE04DBB00D46F96 /* URL_API */ = {
			isa = PBXGroup;
			children = (
				B26336DD2EE04DDF00D46F96 /* APIProvider.cpp */,
			);
			path = URL_API;
			sourceTree = "<group>";
		};
		B26336DB2EE04DC500D46F96 /* URL_API */ = {
			isa = PBXGroup;
			children = (
				B26336DC2EE04DDF00D46F96 /* APIProvider.hpp */,
			);
			path = URL_API;
			sourceTree = "<group>";
		};
		B289E6192EB0E01600937D0B = {
			isa = PBXGroup;
			children = (
				B289E6952EB1128900937D0B /* Log */,
				B289E6312EB0E05C00937D0B /* PrefixHeader.pch */,
				B289E62F2EB0E04E00937D0B /* EntryPoint.cpp */,
				B289E6322EB0E11400937D0B /* include */,
				B289E6332EB0E11900937D0B /* src */,
				B289E66D2EB0E50400937D0B /* Frameworks */,
				B289E6232EB0E01600937D0B /* Products */,
			);
			sourceTree = "<group>";
		};
		B289E6232EB0E01600937D0B /* Products */ = {
			isa = PBXGroup;
			children = (
				B289E6222EB0E01600937D0B /* KanVest */,
			);
			name = Products;
			sourceTree = "<group>";
		};
		B289E6322EB0E11400937D0B /* include */ = {
			isa = PBXGroup;
			children = (
				B289EDEE2EB2558400937D0B /* Application */,
				B289EDF02EB2559500937D0B /* Editor */,
				B26336C72EDF29CA00D46F96 /* UI */,
				B26336CC2EDF2A7D00D46F96 /* Stock */,
				B26336DB2EE04DC500D46F96 /* URL_API */,
				B23D2D382EEED21600CCF7B2 /* Analyzer */,
			);
			path = include;
			sourceTree = "<group>";
		};
		B289E6332EB0E11900937D0B /* src */ = {
			isa = PBXGroup;
			children = (
				B289EDED2EB2558200937D0B /* Application */,
				B289EDEF2EB2558E00937D0B /* Editor */,
				B26336C82EDF29D000D46F96 /* UI */,
				B26336CD2EDF2A9E00D46F96 /* Stock */,
				B26336DA2EE04DBB00D46F96 /* URL_API */,
				B23D2D392EEED22000CCF7B2 /* Analyzer */,
			);
			path = src;
			sourceTree = "<group>";
		};
		B289E66D2EB0E50400937D0B /* Frameworks */ = {
			isa = PBXGroup;
			children = (
				B289EE322EB37F9400937D0B /* libKanVasX.a */,
				B289EDF52EB3047400937D0B /* libcurl.tbd */,
				B289E66E2EB0E50400937D0B /* libKanViz.a */,
			);
			name = Frameworks;
			sourceTree = "<group>";
		};
		B289E6952EB1128900937D0B /* Log */ = {
			isa = PBXGroup;
			children = (
				B289E6942EB1128900937D0B /* KanVest.log */,
				B289E6AE2EB1166200937D0B /* KanVest.profiler */,
			);
			path = Log;
			sourceTree = "<group>";
		};
		B289EDED2EB2558200937D0B /* Application */ = {
			isa = PBXGroup;
			children = (
				B289E6CD2EB1A3C600937D0B /* ApplicationFactory.cpp */,
				B289EDE82EB2341100937D0B /* KanVestApp.cpp */,
			);
			path = Application;
			sourceTree = "<group>";
		};
		B289EDEE2EB2558400937D0B /* Application */ = {
			isa = PBXGroup;
			children = (
				B289E6CC2EB1A3C600937D0B /* ApplicationFactory.hpp */,
				B289EDE72EB2341100937D0B /* KanVestApp.hpp */,
			);
			path = Application;
			sourceTree = "<group>";
		};
		B289EDEF2EB2558E00937D0B /* Editor */ = {
			isa = PBXGroup;
			children = (
				B289EDEB2EB234D400937D0B /* RendererLayer.cpp */,
			);
			path = Editor;
			sourceTree = "<group>";
		};
		B289EDF02EB2559500937D0B /* Editor */ = {
			isa = PBXGroup;
			children = (
				B289EDEA2EB234D400937D0B /* RendererLayer.hpp */,
			);
			path = Editor;
			sourceTree = "<group>";
		};
/* End PBXGroup section */

/* Begin PBXNativeTarget section */
		B289E6212EB0E01600937D0B /* KanVest */ = {
			isa = PBXNativeTarget;
			buildConfigurationList = B289E6292EB0E01600937D0B /* Build configuration list for PBXNativeTarget "KanVest" */;
			buildPhases = (
				B289E61E2EB0E01600937D0B /* Sources */,
				B289E61F2EB0E01600937D0B /* Frameworks */,
				B289E6202EB0E01600937D0B /* CopyFiles */,
			);
			buildRules = (
			);
			dependencies = (
			);
			name = KanVest;
			packageProductDependencies = (
			);
			productName = KanVest;
			productReference = B289E6222EB0E01600937D0B /* KanVest */;
			productType = "com.apple.product-type.tool";
		};
/* End PBXNativeTarget section */

/* Begin PBXProject section */
		B289E61A2EB0E01600937D0B /* Project object */ = {
			isa = PBXProject;
			attributes = {
				BuildIndependentTargetsInParallel = 1;
				LastUpgradeCheck = 1640;
				TargetAttributes = {
					B289E6212EB0E01600937D0B = {
						CreatedOnToolsVersion = 16.4;
					};
				};
			};
			buildConfigurationList = B289E61D2EB0E01600937D0B /* Build configuration list for PBXProject "KanVest" */;
			developmentRegion = en;
			hasScannedForEncodings = 0;
			knownRegions = (
				en,
				Base,
			);
			mainGroup = B289E6192EB0E01600937D0B;
			minimizedProjectReferenceProxies = 1;
			preferredProjectObjectVersion = 77;
			productRefGroup = B289E6232EB0E01600937D0B /* Products */;
			projectDirPath = "";
			projectRoot = "";
			targets = (
				B289E6212EB0E01600937D0B /* KanVest */,
			);
		};
/* End PBXProject section */

/* Begin PBXSourcesBuildPhase section */
		B289E61E2EB0E01600937D0B /* Sources */ = {
			isa = PBXSourcesBuildPhase;
			buildActionMask = 2147483647;
			files = (
				B26336D32EDF2C6800D46F96 /* StockManager.cpp in Sources */,
				B26336E42EE0559800D46F96 /* StockParser.cpp in Sources */,
				B23D2D3C2EEED29300CCF7B2 /* StockAnalyzer.cpp in Sources */,
				B26336EA2EE86BB000D46F96 /* UI_Chart.cpp in Sources */,
				B289E6CE2EB1A3C600937D0B /* ApplicationFactory.cpp in Sources */,
				B26336D62EDF2D2000D46F96 /* UI_KanVestPanel.cpp in Sources */,
				B289E6302EB0E04E00937D0B /* EntryPoint.cpp in Sources */,
				B26336DE2EE04DDF00D46F96 /* APIProvider.cpp in Sources */,
				B26336E12EE0519900D46F96 /* StockAPI.cpp in Sources */,
				B26336D92EDF304500D46F96 /* StockUtils.cpp in Sources */,
				B289EDEC2EB234D400937D0B /* RendererLayer.cpp in Sources */,
				B26336CB2EDF29DC00D46F96 /* UI_Font.cpp in Sources */,
				B289EDE92EB2341100937D0B /* KanVestApp.cpp in Sources */,
				B26336E72EE83CE300D46F96 /* UI_Utils.cpp in Sources */,
			);
			runOnlyForDeploymentPostprocessing = 0;
		};
/* End PBXSourcesBuildPhase section */

/* Begin XCBuildConfiguration section */
		B289E6272EB0E01600937D0B /* Debug */ = {
			isa = XCBuildConfiguration;
			buildSettings = {
				ALWAYS_SEARCH_USER_PATHS = NO;
				ASSETCATALOG_COMPILER_GENERATE_SWIFT_ASSET_SYMBOL_EXTENSIONS = YES;
				CLANG_ANALYZER_NONNULL = YES;
				CLANG_ANALYZER_NUMBER_OBJECT_CONVERSION = YES_AGGRESSIVE;
				CLANG_CXX_LANGUAGE_STANDARD = "gnu++20";
				CLANG_ENABLE_MODULES = YES;
				CLANG_ENABLE_OBJC_ARC = YES;
				CLANG_ENABLE_OBJC_WEAK = YES;
				CLANG_WARN_BLOCK_CAPTURE_AUTORELEASING = YES;
				CLANG_WARN_BOOL_CONVERSION = YES;
				CLANG_WARN_COMMA = YES;
				CLANG_WARN_CONSTANT_CONVERSION = YES;
				CLANG_WARN_DEPRECATED_OBJC_IMPLEMENTATIONS = YES;
				CLANG_WARN_DIRECT_OBJC_ISA_USAGE = YES_ERROR;
				CLANG_WARN_DOCUMENTATION_COMMENTS = YES;
				CLANG_WARN_EMPTY_BODY = YES;
				CLANG_WARN_ENUM_CONVERSION = YES;
				CLANG_WARN_INFINITE_RECURSION = YES;
				CLANG_WARN_INT_CONVERSION = YES;
				CLANG_WARN_NON_LITERAL_NULL_CONVERSION = YES;
				CLANG_WARN_OBJC_IMPLICIT_RETAIN_SELF = YES;
				CLANG_WARN_OBJC_LITERAL_CONVERSION = YES;
				CLANG_WARN_OBJC_ROOT_CLASS = YES_ERROR;
				CLANG_WARN_QUOTED_INCLUDE_IN_FRAMEWORK_HEADER = YES;
				CLANG_WARN_RANGE_LOOP_ANALYSIS = YES;
				CLANG_WARN_STRICT_PROTOTYPES = YES;
				CLANG_WARN_SUSPICIOUS_MOVE = YES;
				CLANG_WARN_UNGUARDED_AVAILABILITY = YES_AGGRESSIVE;
				CLANG_WARN_UNREACHABLE_CODE = YES;
				CLANG_WARN__DUPLICATE_METHOD_MATCH = YES;
				COPY_PHASE_STRIP = NO;
				DEBUG_INFORMATION_FORMAT = dwarf;
				DEVELOPMENT_TEAM = 78KTXZ99TW;
				ENABLE_STRICT_OBJC_MSGSEND = YES;
				ENABLE_TESTABILITY = YES;
				ENABLE_USER_SCRIPT_SANDBOXING = YES;
				GCC_C_LANGUAGE_STANDARD = gnu17;
				GCC_DYNAMIC_NO_PIC = NO;
				GCC_NO_COMMON_BLOCKS = YES;
				GCC_OPTIMIZATION_LEVEL = 0;
				GCC_PREPROCESSOR_DEFINITIONS = (
					"DEBUG=1",
					"$(inherited)",
				);
				GCC_WARN_64_TO_32_BIT_CONVERSION = YES;
				GCC_WARN_ABOUT_RETURN_TYPE = YES_ERROR;
				GCC_WARN_UNDECLARED_SELECTOR = YES;
				GCC_WARN_UNINITIALIZED_AUTOS = YES_AGGRESSIVE;
				GCC_WARN_UNUSED_FUNCTION = YES;
				GCC_WARN_UNUSED_VARIABLE = YES;
				LOCALIZATION_PREFERS_STRING_CATALOGS = YES;
				MACOSX_DEPLOYMENT_TARGET = 15.5;
				MTL_ENABLE_DEBUG_INFO = INCLUDE_SOURCE;
				MTL_FAST_MATH = YES;
				ONLY_ACTIVE_ARCH = YES;
				SDKROOT = macosx;
			};
			name = Debug;
		};
		B289E6282EB0E01600937D0B /* Release */ = {
			isa = XCBuildConfiguration;
			buildSettings = {
				ALWAYS_SEARCH_USER_PATHS = NO;
				ASSETCATALOG_COMPILER_GENERATE_SWIFT_ASSET_SYMBOL_EXTENSIONS = YES;
				CLANG_ANALYZER_NONNULL = YES;
				CLANG_ANALYZER_NUMBER_OBJECT_CONVERSION = YES_AGGRESSIVE;
				CLANG_CXX_LANGUAGE_STANDARD = "gnu++20";
				CLANG_ENABLE_MODULES = YES;
				CLANG_ENABLE_OBJC_ARC = YES;
				CLANG_ENABLE_OBJC_WEAK = YES;
				CLANG_WARN_BLOCK_CAPTURE_AUTORELEASING = YES;
				CLANG_WARN_BOOL_CONVERSION = YES;
				CLANG_WARN_COMMA = YES;
				CLANG_WARN_CONSTANT_CONVERSION = YES;
				CLANG_WARN_DEPRECATED_OBJC_IMPLEMENTATIONS = YES;
				CLANG_WARN_DIRECT_OBJC_ISA_USAGE = YES_ERROR;
				CLANG_WARN_DOCUMENTATION_COMMENTS = YES;
				CLANG_WARN_EMPTY_BODY = YES;
				CLANG_WARN_ENUM_CONVERSION = YES;
				CLANG_WARN_INFINITE_RECURSION = YES;
				CLANG_WARN_INT_CONVERSION = YES;
				CLANG_WARN_NON_LITERAL_NULL_CONVERSION = YES;
				CLANG_WARN_OBJC_IMPLICIT_RETAIN_SELF = YES;
				CLANG_WARN_OBJC_LITERAL_CONVERSION = YES;
				CLANG_WARN_OBJC_ROOT_CLASS = YES_ERROR;
				CLANG_WARN_QUOTED_INCLUDE_IN_FRAMEWORK_HEADER = YES;
				CLANG_WARN_RANGE_LOOP_ANALYSIS = YES;
				CLANG_WARN_STRICT_PROTOTYPES = YES;
				CLANG_WARN_SUSPICIOUS_MOVE = YES;
				CLANG_WARN_UNGUARDED_AVAILABILITY = YES_AGGRESSIVE;
				CLANG_WARN_UNREACHABLE_CODE = YES;
				CLANG_WARN__DUPLICATE_METHOD_MATCH = YES;
				COPY_PHASE_STRIP = NO;
				DEBUG_INFORMATION_FORMAT = "dwarf-with-dsym";
				DEVELOPMENT_TEAM = 78KTXZ99TW;
				ENABLE_NS_ASSERTIONS = NO;
				ENABLE_STRICT_OBJC_MSGSEND = YES;
				ENABLE_USER_SCRIPT_SANDBOXING = YES;
				GCC_C_LANGUAGE_STANDARD = gnu17;
				GCC_NO_COMMON_BLOCKS = YES;
				GCC_WARN_64_TO_32_BIT_CONVERSION = YES;
				GCC_WARN_ABOUT_RETURN_TYPE = YES_ERROR;
				GCC_WARN_UNDECLARED_SELECTOR = YES;
				GCC_WARN_UNINITIALIZED_AUTOS = YES_AGGRESSIVE;
				GCC_WARN_UNUSED_FUNCTION = YES;
				GCC_WARN_UNUSED_VARIABLE = YES;
				LOCALIZATION_PREFERS_STRING_CATALOGS = YES;
				MACOSX_DEPLOYMENT_TARGET = 15.5;
				MTL_ENABLE_DEBUG_INFO = NO;
				MTL_FAST_MATH = YES;
				SDKROOT = macosx;
			};
			name = Release;
		};
		B289E62A2EB0E01600937D0B /* Debug */ = {
			isa = XCBuildConfiguration;
			buildSettings = {
				CLANG_CXX_LANGUAGE_STANDARD = "c++23";
				CODE_SIGN_STYLE = Automatic;
				DEVELOPMENT_TEAM = 78KTXZ99TW;
				ENABLE_HARDENED_RUNTIME = YES;
				GCC_C_LANGUAGE_STANDARD = gnu23;
				GCC_PRECOMPILE_PREFIX_HEADER = YES;
				GCC_PREFIX_HEADER = "${PROJECT_DIR}/PrefixHeader.pch";
				HEADER_SEARCH_PATHS = (
					"${PROJECT_DIR}",
					"${PROJECT_DIR}/include",
					"${PROJECT_DIR}/../KanViz/include",
					"${PROJECT_DIR}/../KanViz/vendors/spd_log/include",
					"${PROJECT_DIR}/../KanViz/vendors/glm",
					"${PROJECT_DIR}/../KanViz/vendors/UI/ImGui",
					"${PROJECT_DIR}/../KanViz/vendors/UI/ImGuizmo",
					"${PROJECT_DIR}/../KanViz/vendors/YAML/YAML/include",
					"${PROJECT_DIR}/../KanViz/vendors/UI/Implot",
					"${PROJECT_DIR}/../KanVasX/include",
				);
				PRODUCT_NAME = "$(TARGET_NAME)";
			};
			name = Debug;
		};
		B289E62B2EB0E01600937D0B /* Release */ = {
			isa = XCBuildConfiguration;
			buildSettings = {
				CLANG_CXX_LANGUAGE_STANDARD = "c++23";
				CODE_SIGN_STYLE = Automatic;
				DEVELOPMENT_TEAM = 78KTXZ99TW;
				ENABLE_HARDENED_RUNTIME = YES;
				GCC_C_LANGUAGE_STANDARD = gnu23;
				GCC_PRECOMPILE_PREFIX_HEADER = YES;
				GCC_PREFIX_HEADER = "${PROJECT_DIR}/PrefixHeader.pch";
				HEADER_SEARCH_PATHS = (
					"${PROJECT_DIR}",
					"${PROJECT_DIR}/include",
					"${PROJECT_DIR}/../KanViz/include",
					"${PROJECT_DIR}/../KanViz/vendors/spd_log/include",
					"${PROJECT_DIR}/../KanViz/vendors/glm",
					"${PROJECT_DIR}/../KanViz/vendors/UI/ImGui",
					"${PROJECT_DIR}/../KanViz/vendors/UI/ImGuizmo",
					"${PROJECT_DIR}/../KanViz/vendors/YAML/YAML/include",
					"${PROJECT_DIR}/../KanViz/vendors/UI/Implot",
					"${PROJECT_DIR}/../KanVasX/include",
				);
				PRODUCT_NAME = "$(TARGET_NAME)";
			};
			name = Release;
		};
/* End XCBuildConfiguration section */

/* Begin XCConfigurationList section */
		B289E61D2EB0E01600937D0B /* Build configuration list for PBXProject "KanVest" */ = {
			isa = XCConfigurationList;
			buildConfigurations = (
				B289E6272EB0E01600937D0B /* Debug */,
				B289E6282EB0E01600937D0B /* Release */,
			);
			defaultConfigurationIsVisible = 0;
			defaultConfigurationName = Release;
		};
		B289E6292EB0E01600937D0B /* Build configuration list for PBXNativeTarget "KanVest" */ = {
			isa = XCConfigurationList;
			buildConfigurations = (
				B289E62A2EB0E01600937D0B /* Debug */,
				B289E62B2EB0E01600937D0B /* Release */,
			);
			defaultConfigurationIsVisible = 0;
			defaultConfigurationName = Release;
		};
/* End XCConfigurationList section */
	};
	rootObject = B289E61A2EB0E01600937D0B /* Project object */;
}
